// !$*UTF8*$!
{
	archiveVersion = 1;
	classes = {
	};
	objectVersion = 46;
	objects = {

/* Begin PBXBuildFile section */
		0439F7DD1E0CC16A009309E3 /* HomeTableViewCell.m in Sources */ = {isa = PBXBuildFile; fileRef = 0439F7DC1E0CC16A009309E3 /* HomeTableViewCell.m */; };
		0439F7E01E0CC24D009309E3 /* HomeViewController.m in Sources */ = {isa = PBXBuildFile; fileRef = 0439F7DF1E0CC24D009309E3 /* HomeViewController.m */; };
		049286E21E1B87D700DD3270 /* HistoryDetailViewController.m in Sources */ = {isa = PBXBuildFile; fileRef = 049286DD1E1B87D700DD3270 /* HistoryDetailViewController.m */; };
		049286E31E1B87D700DD3270 /* HistoryRecordViewController.m in Sources */ = {isa = PBXBuildFile; fileRef = 049286DF1E1B87D700DD3270 /* HistoryRecordViewController.m */; };
		049286E41E1B87D700DD3270 /* HistoryViewController.m in Sources */ = {isa = PBXBuildFile; fileRef = 049286E11E1B87D700DD3270 /* HistoryViewController.m */; };
		049286E91E1B87F000DD3270 /* HistoryDetailModel.m in Sources */ = {isa = PBXBuildFile; fileRef = 049286E61E1B87F000DD3270 /* HistoryDetailModel.m */; };
		049286EA1E1B87F000DD3270 /* HistoryOrderModel.m in Sources */ = {isa = PBXBuildFile; fileRef = 049286E81E1B87F000DD3270 /* HistoryOrderModel.m */; };
		049286EF1E1B880100DD3270 /* HistoryDetailTableViewCell.m in Sources */ = {isa = PBXBuildFile; fileRef = 049286EC1E1B880100DD3270 /* HistoryDetailTableViewCell.m */; };
		049286F01E1B880100DD3270 /* HistoryTableViewCell.m in Sources */ = {isa = PBXBuildFile; fileRef = 049286EE1E1B880100DD3270 /* HistoryTableViewCell.m */; };
		049286F81E1B889A00DD3270 /* GoodsModel.m in Sources */ = {isa = PBXBuildFile; fileRef = 049286F51E1B889A00DD3270 /* GoodsModel.m */; };
		049286F91E1B889A00DD3270 /* TypeModel.m in Sources */ = {isa = PBXBuildFile; fileRef = 049286F71E1B889A00DD3270 /* TypeModel.m */; };
		049286FE1E1B88BF00DD3270 /* OrderModel.m in Sources */ = {isa = PBXBuildFile; fileRef = 049286FB1E1B88BF00DD3270 /* OrderModel.m */; };
		049286FF1E1B88BF00DD3270 /* VipModel.m in Sources */ = {isa = PBXBuildFile; fileRef = 049286FD1E1B88BF00DD3270 /* VipModel.m */; };
		049287021E1B890000DD3270 /* TypeTableViewCell.m in Sources */ = {isa = PBXBuildFile; fileRef = 049287011E1B890000DD3270 /* TypeTableViewCell.m */; };
		049287051E1B892F00DD3270 /* GoodsTableViewCell.m in Sources */ = {isa = PBXBuildFile; fileRef = 049287041E1B892F00DD3270 /* GoodsTableViewCell.m */; };
		0492870A1E1B895B00DD3270 /* OrderSectionHeaderView.m in Sources */ = {isa = PBXBuildFile; fileRef = 049287071E1B895B00DD3270 /* OrderSectionHeaderView.m */; };
		0492870B1E1B895B00DD3270 /* OrderTableViewCell.m in Sources */ = {isa = PBXBuildFile; fileRef = 049287091E1B895B00DD3270 /* OrderTableViewCell.m */; };
		049287111E1B8A6800DD3270 /* NetTool.m in Sources */ = {isa = PBXBuildFile; fileRef = 049287101E1B8A6800DD3270 /* NetTool.m */; };
		049287161E1B999900DD3270 /* DetailOrderViewController.m in Sources */ = {isa = PBXBuildFile; fileRef = 049287131E1B999900DD3270 /* DetailOrderViewController.m */; };
		049287171E1B999900DD3270 /* MemberViewController.m in Sources */ = {isa = PBXBuildFile; fileRef = 049287151E1B999900DD3270 /* MemberViewController.m */; };
		049287201E1B99FF00DD3270 /* MemberTableViewCell.m in Sources */ = {isa = PBXBuildFile; fileRef = 0492871D1E1B99FF00DD3270 /* MemberTableViewCell.m */; };
		1D5B66BA1E0A19D900606F86 /* Main.storyboard in Resources */ = {isa = PBXBuildFile; fileRef = 1D5B66B81E0A19D900606F86 /* Main.storyboard */; };
		1D5B66BC1E0A19D900606F86 /* Assets.xcassets in Resources */ = {isa = PBXBuildFile; fileRef = 1D5B66BB1E0A19D900606F86 /* Assets.xcassets */; };
		1D5B66BF1E0A19D900606F86 /* LaunchScreen.storyboard in Resources */ = {isa = PBXBuildFile; fileRef = 1D5B66BD1E0A19D900606F86 /* LaunchScreen.storyboard */; };
		24447CD51E1C9C8200CDAECD /* PullChooseView.m in Sources */ = {isa = PBXBuildFile; fileRef = 24447CD41E1C9C8200CDAECD /* PullChooseView.m */; };
		24447CD81E1C9CB700CDAECD /* OnlyChooseDate.m in Sources */ = {isa = PBXBuildFile; fileRef = 24447CD71E1C9CB700CDAECD /* OnlyChooseDate.m */; };
		24447CE51E1CCBAA00CDAECD /* Date.m in Sources */ = {isa = PBXBuildFile; fileRef = 24447CDB1E1CCBAA00CDAECD /* Date.m */; };
		24447CE61E1CCBAA00CDAECD /* GoodsSubViewController.m in Sources */ = {isa = PBXBuildFile; fileRef = 24447CDD1E1CCBAA00CDAECD /* GoodsSubViewController.m */; };
		24447CE71E1CCBAA00CDAECD /* GoodsViewController.m in Sources */ = {isa = PBXBuildFile; fileRef = 24447CDF1E1CCBAA00CDAECD /* GoodsViewController.m */; };
		24447CE81E1CCBAA00CDAECD /* MoreView.m in Sources */ = {isa = PBXBuildFile; fileRef = 24447CE11E1CCBAA00CDAECD /* MoreView.m */; };
		24447CE91E1CCBAA00CDAECD /* MZBarChartView.m in Sources */ = {isa = PBXBuildFile; fileRef = 24447CE41E1CCBAA00CDAECD /* MZBarChartView.m */; };
		245083DE1E0B9A1C006DE0D4 /* LoginViewController.m in Sources */ = {isa = PBXBuildFile; fileRef = 245083DD1E0B9A1C006DE0D4 /* LoginViewController.m */; };
		245083E11E0B9A45006DE0D4 /* LoginControl.m in Sources */ = {isa = PBXBuildFile; fileRef = 245083E01E0B9A45006DE0D4 /* LoginControl.m */; };
		245083EA1E0B9E53006DE0D4 /* BaseUINavigationController.m in Sources */ = {isa = PBXBuildFile; fileRef = 245083E51E0B9E53006DE0D4 /* BaseUINavigationController.m */; };
		245083EB1E0B9E53006DE0D4 /* DrawerViewController.m in Sources */ = {isa = PBXBuildFile; fileRef = 245083E71E0B9E53006DE0D4 /* DrawerViewController.m */; };
		245083F11E0B9EA0006DE0D4 /* DrawerCell.m in Sources */ = {isa = PBXBuildFile; fileRef = 245083EF1E0B9EA0006DE0D4 /* DrawerCell.m */; };
		245083F21E0B9EA0006DE0D4 /* DrawerCell.xib in Resources */ = {isa = PBXBuildFile; fileRef = 245083F01E0B9EA0006DE0D4 /* DrawerCell.xib */; };
		245084491E0BC6D6006DE0D4 /* ShopModel.m in Sources */ = {isa = PBXBuildFile; fileRef = 245084471E0BC6D6006DE0D4 /* ShopModel.m */; };
		2450844A1E0BC6D6006DE0D4 /* UserInstance.m in Sources */ = {isa = PBXBuildFile; fileRef = 245084481E0BC6D6006DE0D4 /* UserInstance.m */; };
		245084851E0D3F33006DE0D4 /* UserTableViewController.m in Sources */ = {isa = PBXBuildFile; fileRef = 245084841E0D3F33006DE0D4 /* UserTableViewController.m */; };
		245084881E0D3F5D006DE0D4 /* HistoryTableViewController.m in Sources */ = {isa = PBXBuildFile; fileRef = 245084871E0D3F5D006DE0D4 /* HistoryTableViewController.m */; };
		247672641E0E3B8C001B0899 /* TimeControll.m in Sources */ = {isa = PBXBuildFile; fileRef = 247672631E0E3B8C001B0899 /* TimeControll.m */; };
		24B607A41E10FFAE002282A3 /* ChooseStoreView.m in Sources */ = {isa = PBXBuildFile; fileRef = 24B607A31E10FFAE002282A3 /* ChooseStoreView.m */; };
		24B607A81E11030C002282A3 /* ChooseTableCell.m in Sources */ = {isa = PBXBuildFile; fileRef = 24B607A61E11030C002282A3 /* ChooseTableCell.m */; };
		24B607A91E11030C002282A3 /* ChooseTableCell.xib in Resources */ = {isa = PBXBuildFile; fileRef = 24B607A71E11030C002282A3 /* ChooseTableCell.xib */; };
		24B607C81E12884B002282A3 /* PieChartView.m in Sources */ = {isa = PBXBuildFile; fileRef = 24B607C71E12884B002282A3 /* PieChartView.m */; };
		24B607CC1E128B78002282A3 /* ChartTableViewCell.m in Sources */ = {isa = PBXBuildFile; fileRef = 24B607CA1E128B78002282A3 /* ChartTableViewCell.m */; };
		24B607CD1E128B78002282A3 /* ChartTableViewCell.xib in Resources */ = {isa = PBXBuildFile; fileRef = 24B607CB1E128B78002282A3 /* ChartTableViewCell.xib */; };
		24B607D31E13A828002282A3 /* MyPieChartView.m in Sources */ = {isa = PBXBuildFile; fileRef = 24B607D21E13A828002282A3 /* MyPieChartView.m */; };
		24B607D61E13B2EE002282A3 /* ChartTableViewDetailCellTableViewCell.m in Sources */ = {isa = PBXBuildFile; fileRef = 24B607D51E13B2EE002282A3 /* ChartTableViewDetailCellTableViewCell.m */; };
		24B607DF1E13DDA7002282A3 /* DailyTimeControll.m in Sources */ = {isa = PBXBuildFile; fileRef = 24B607DE1E13DDA7002282A3 /* DailyTimeControll.m */; };
		24B607E21E14BDFD002282A3 /* ChooseDateView.m in Sources */ = {isa = PBXBuildFile; fileRef = 24B607E11E14BDFD002282A3 /* ChooseDateView.m */; };
		24B608161E1793B5002282A3 /* DailyDetailViewController.m in Sources */ = {isa = PBXBuildFile; fileRef = 24B608131E1793B5002282A3 /* DailyDetailViewController.m */; };
		24B608171E1793B5002282A3 /* DailyViewController.m in Sources */ = {isa = PBXBuildFile; fileRef = 24B608151E1793B5002282A3 /* DailyViewController.m */; };
		24B6081C1E1793F9002282A3 /* TimeIncomeDetailViewController.m in Sources */ = {isa = PBXBuildFile; fileRef = 24B608191E1793F9002282A3 /* TimeIncomeDetailViewController.m */; };
		24B6081D1E1793F9002282A3 /* TimeViewController.m in Sources */ = {isa = PBXBuildFile; fileRef = 24B6081B1E1793F9002282A3 /* TimeViewController.m */; };
		24B6086C1E179A52002282A3 /* TQConst.m in Sources */ = {isa = PBXBuildFile; fileRef = 24B608211E179A52002282A3 /* TQConst.m */; };
		24B6086D1E179A52002282A3 /* GrayWhiteView.m in Sources */ = {isa = PBXBuildFile; fileRef = 24B608251E179A52002282A3 /* GrayWhiteView.m */; };
		24B6086E1E179A52002282A3 /* MZLineView.m in Sources */ = {isa = PBXBuildFile; fileRef = 24B608271E179A52002282A3 /* MZLineView.m */; };
		24B6086F1E179A52002282A3 /* UIView+Addtions.m in Sources */ = {isa = PBXBuildFile; fileRef = 24B608291E179A52002282A3 /* UIView+Addtions.m */; };
		24B608701E179A52002282A3 /* ZFCirque.m in Sources */ = {isa = PBXBuildFile; fileRef = 24B6082B1E179A52002282A3 /* ZFCirque.m */; };
		24B608711E179A52002282A3 /* NSString+MD5.m in Sources */ = {isa = PBXBuildFile; fileRef = 24B6082E1E179A52002282A3 /* NSString+MD5.m */; };
		24B608721E179A52002282A3 /* NSString+Width.m in Sources */ = {isa = PBXBuildFile; fileRef = 24B608301E179A52002282A3 /* NSString+Width.m */; };
		24B608731E179A52002282A3 /* UIColor+Hex.m in Sources */ = {isa = PBXBuildFile; fileRef = 24B608321E179A52002282A3 /* UIColor+Hex.m */; };
		24B608741E179A52002282A3 /* LogCategory.m in Sources */ = {isa = PBXBuildFile; fileRef = 24B608351E179A52002282A3 /* LogCategory.m */; };
		24B608751E179A52002282A3 /* MASCompositeConstraint.m in Sources */ = {isa = PBXBuildFile; fileRef = 24B608391E179A52002282A3 /* MASCompositeConstraint.m */; };
		24B608761E179A52002282A3 /* MASConstraint.m in Sources */ = {isa = PBXBuildFile; fileRef = 24B6083C1E179A52002282A3 /* MASConstraint.m */; };
		24B608771E179A52002282A3 /* MASConstraintMaker.m in Sources */ = {isa = PBXBuildFile; fileRef = 24B6083E1E179A52002282A3 /* MASConstraintMaker.m */; };
		24B608781E179A52002282A3 /* MASLayoutConstraint.m in Sources */ = {isa = PBXBuildFile; fileRef = 24B608401E179A52002282A3 /* MASLayoutConstraint.m */; };
		24B608791E179A52002282A3 /* MASViewAttribute.m in Sources */ = {isa = PBXBuildFile; fileRef = 24B608441E179A52002282A3 /* MASViewAttribute.m */; };
		24B6087A1E179A52002282A3 /* MASViewConstraint.m in Sources */ = {isa = PBXBuildFile; fileRef = 24B608461E179A52002282A3 /* MASViewConstraint.m */; };
		24B6087B1E179A52002282A3 /* NSArray+MASAdditions.m in Sources */ = {isa = PBXBuildFile; fileRef = 24B608481E179A52002282A3 /* NSArray+MASAdditions.m */; };
		24B6087C1E179A52002282A3 /* NSLayoutConstraint+MASDebugAdditions.m in Sources */ = {isa = PBXBuildFile; fileRef = 24B6084B1E179A52002282A3 /* NSLayoutConstraint+MASDebugAdditions.m */; };
		24B6087D1E179A52002282A3 /* View+MASAdditions.m in Sources */ = {isa = PBXBuildFile; fileRef = 24B6084D1E179A52002282A3 /* View+MASAdditions.m */; };
		24B6087E1E179A52002282A3 /* ViewController+MASAdditions.m in Sources */ = {isa = PBXBuildFile; fileRef = 24B608501E179A52002282A3 /* ViewController+MASAdditions.m */; };
		24B6087F1E179A52002282A3 /* MBProgressHUD+MJ.m in Sources */ = {isa = PBXBuildFile; fileRef = 24B608531E179A52002282A3 /* MBProgressHUD+MJ.m */; };
		24B608801E179A52002282A3 /* MZPieChartDataSet.m in Sources */ = {isa = PBXBuildFile; fileRef = 24B608561E179A52002282A3 /* MZPieChartDataSet.m */; };
		24B608811E179A52002282A3 /* MZPieChartFontColorSet.m in Sources */ = {isa = PBXBuildFile; fileRef = 24B608581E179A52002282A3 /* MZPieChartFontColorSet.m */; };
		24B608821E179A52002282A3 /* MZPieChartSet.m in Sources */ = {isa = PBXBuildFile; fileRef = 24B6085A1E179A52002282A3 /* MZPieChartSet.m */; };
		24B608831E179A52002282A3 /* MZPieChartView.m in Sources */ = {isa = PBXBuildFile; fileRef = 24B6085C1E179A52002282A3 /* MZPieChartView.m */; };
		24B608841E179A52002282A3 /* UIView+Addtions.m in Sources */ = {isa = PBXBuildFile; fileRef = 24B6085E1E179A52002282A3 /* UIView+Addtions.m */; };
		24B608861E179A52002282A3 /* AppDelegate.m in Sources */ = {isa = PBXBuildFile; fileRef = 24B608641E179A52002282A3 /* AppDelegate.m */; };
		24B608871E179A52002282A3 /* Info.plist in Resources */ = {isa = PBXBuildFile; fileRef = 24B608651E179A52002282A3 /* Info.plist */; };
		24B608881E179A52002282A3 /* main.m in Sources */ = {isa = PBXBuildFile; fileRef = 24B608661E179A52002282A3 /* main.m */; };
		24B608891E179A52002282A3 /* ViewController.m in Sources */ = {isa = PBXBuildFile; fileRef = 24B608691E179A52002282A3 /* ViewController.m */; };
		ABE5B94AF12294997B7ECB53 /* libPods-TinyShop.a in Frameworks */ = {isa = PBXBuildFile; fileRef = 58CF7CA41E8CA82B7B15846F /* libPods-TinyShop.a */; };
/* End PBXBuildFile section */

/* Begin PBXFileReference section */
		0439F7DB1E0CC16A009309E3 /* HomeTableViewCell.h */ = {isa = PBXFileReference; fileEncoding = 4; lastKnownFileType = sourcecode.c.h; path = HomeTableViewCell.h; sourceTree = "<group>"; };
		0439F7DC1E0CC16A009309E3 /* HomeTableViewCell.m */ = {isa = PBXFileReference; fileEncoding = 4; lastKnownFileType = sourcecode.c.objc; path = HomeTableViewCell.m; sourceTree = "<group>"; };
		0439F7DE1E0CC24D009309E3 /* HomeViewController.h */ = {isa = PBXFileReference; fileEncoding = 4; lastKnownFileType = sourcecode.c.h; path = HomeViewController.h; sourceTree = "<group>"; };
		0439F7DF1E0CC24D009309E3 /* HomeViewController.m */ = {isa = PBXFileReference; fileEncoding = 4; lastKnownFileType = sourcecode.c.objc; path = HomeViewController.m; sourceTree = "<group>"; };
		049286DC1E1B87D700DD3270 /* HistoryDetailViewController.h */ = {isa = PBXFileReference; fileEncoding = 4; lastKnownFileType = sourcecode.c.h; name = HistoryDetailViewController.h; path = "TinyShop/历史记录/Controller/HistoryDetailViewController.h"; sourceTree = SOURCE_ROOT; };
		049286DD1E1B87D700DD3270 /* HistoryDetailViewController.m */ = {isa = PBXFileReference; fileEncoding = 4; lastKnownFileType = sourcecode.c.objc; name = HistoryDetailViewController.m; path = "TinyShop/历史记录/Controller/HistoryDetailViewController.m"; sourceTree = SOURCE_ROOT; };
		049286DE1E1B87D700DD3270 /* HistoryRecordViewController.h */ = {isa = PBXFileReference; fileEncoding = 4; lastKnownFileType = sourcecode.c.h; name = HistoryRecordViewController.h; path = "TinyShop/历史记录/Controller/HistoryRecordViewController.h"; sourceTree = SOURCE_ROOT; };
		049286DF1E1B87D700DD3270 /* HistoryRecordViewController.m */ = {isa = PBXFileReference; fileEncoding = 4; lastKnownFileType = sourcecode.c.objc; name = HistoryRecordViewController.m; path = "TinyShop/历史记录/Controller/HistoryRecordViewController.m"; sourceTree = SOURCE_ROOT; };
		049286E01E1B87D700DD3270 /* HistoryViewController.h */ = {isa = PBXFileReference; fileEncoding = 4; lastKnownFileType = sourcecode.c.h; name = HistoryViewController.h; path = "TinyShop/历史记录/Controller/HistoryViewController.h"; sourceTree = SOURCE_ROOT; };
		049286E11E1B87D700DD3270 /* HistoryViewController.m */ = {isa = PBXFileReference; fileEncoding = 4; lastKnownFileType = sourcecode.c.objc; name = HistoryViewController.m; path = "TinyShop/历史记录/Controller/HistoryViewController.m"; sourceTree = SOURCE_ROOT; };
		049286E51E1B87F000DD3270 /* HistoryDetailModel.h */ = {isa = PBXFileReference; fileEncoding = 4; lastKnownFileType = sourcecode.c.h; name = HistoryDetailModel.h; path = "TinyShop/历史记录/Model/HistoryDetailModel.h"; sourceTree = SOURCE_ROOT; };
		049286E61E1B87F000DD3270 /* HistoryDetailModel.m */ = {isa = PBXFileReference; fileEncoding = 4; lastKnownFileType = sourcecode.c.objc; name = HistoryDetailModel.m; path = "TinyShop/历史记录/Model/HistoryDetailModel.m"; sourceTree = SOURCE_ROOT; };
		049286E71E1B87F000DD3270 /* HistoryOrderModel.h */ = {isa = PBXFileReference; fileEncoding = 4; lastKnownFileType = sourcecode.c.h; name = HistoryOrderModel.h; path = "TinyShop/历史记录/Model/HistoryOrderModel.h"; sourceTree = SOURCE_ROOT; };
		049286E81E1B87F000DD3270 /* HistoryOrderModel.m */ = {isa = PBXFileReference; fileEncoding = 4; lastKnownFileType = sourcecode.c.objc; name = HistoryOrderModel.m; path = "TinyShop/历史记录/Model/HistoryOrderModel.m"; sourceTree = SOURCE_ROOT; };
		049286EB1E1B880100DD3270 /* HistoryDetailTableViewCell.h */ = {isa = PBXFileReference; fileEncoding = 4; lastKnownFileType = sourcecode.c.h; name = HistoryDetailTableViewCell.h; path = "TinyShop/历史记录/View/HistoryDetailTableViewCell.h"; sourceTree = SOURCE_ROOT; };
		049286EC1E1B880100DD3270 /* HistoryDetailTableViewCell.m */ = {isa = PBXFileReference; fileEncoding = 4; lastKnownFileType = sourcecode.c.objc; name = HistoryDetailTableViewCell.m; path = "TinyShop/历史记录/View/HistoryDetailTableViewCell.m"; sourceTree = SOURCE_ROOT; };
		049286ED1E1B880100DD3270 /* HistoryTableViewCell.h */ = {isa = PBXFileReference; fileEncoding = 4; lastKnownFileType = sourcecode.c.h; name = HistoryTableViewCell.h; path = "TinyShop/历史记录/View/HistoryTableViewCell.h"; sourceTree = SOURCE_ROOT; };
		049286EE1E1B880100DD3270 /* HistoryTableViewCell.m */ = {isa = PBXFileReference; fileEncoding = 4; lastKnownFileType = sourcecode.c.objc; name = HistoryTableViewCell.m; path = "TinyShop/历史记录/View/HistoryTableViewCell.m"; sourceTree = SOURCE_ROOT; };
		049286F41E1B889A00DD3270 /* GoodsModel.h */ = {isa = PBXFileReference; fileEncoding = 4; lastKnownFileType = sourcecode.c.h; path = GoodsModel.h; sourceTree = "<group>"; };
		049286F51E1B889A00DD3270 /* GoodsModel.m */ = {isa = PBXFileReference; fileEncoding = 4; lastKnownFileType = sourcecode.c.objc; path = GoodsModel.m; sourceTree = "<group>"; };
		049286F61E1B889A00DD3270 /* TypeModel.h */ = {isa = PBXFileReference; fileEncoding = 4; lastKnownFileType = sourcecode.c.h; path = TypeModel.h; sourceTree = "<group>"; };
		049286F71E1B889A00DD3270 /* TypeModel.m */ = {isa = PBXFileReference; fileEncoding = 4; lastKnownFileType = sourcecode.c.objc; path = TypeModel.m; sourceTree = "<group>"; };
		049286FA1E1B88BF00DD3270 /* OrderModel.h */ = {isa = PBXFileReference; fileEncoding = 4; lastKnownFileType = sourcecode.c.h; path = OrderModel.h; sourceTree = "<group>"; };
		049286FB1E1B88BF00DD3270 /* OrderModel.m */ = {isa = PBXFileReference; fileEncoding = 4; lastKnownFileType = sourcecode.c.objc; path = OrderModel.m; sourceTree = "<group>"; };
		049286FC1E1B88BF00DD3270 /* VipModel.h */ = {isa = PBXFileReference; fileEncoding = 4; lastKnownFileType = sourcecode.c.h; path = VipModel.h; sourceTree = "<group>"; };
		049286FD1E1B88BF00DD3270 /* VipModel.m */ = {isa = PBXFileReference; fileEncoding = 4; lastKnownFileType = sourcecode.c.objc; path = VipModel.m; sourceTree = "<group>"; };
		049287001E1B890000DD3270 /* TypeTableViewCell.h */ = {isa = PBXFileReference; fileEncoding = 4; lastKnownFileType = sourcecode.c.h; path = TypeTableViewCell.h; sourceTree = "<group>"; };
		049287011E1B890000DD3270 /* TypeTableViewCell.m */ = {isa = PBXFileReference; fileEncoding = 4; lastKnownFileType = sourcecode.c.objc; path = TypeTableViewCell.m; sourceTree = "<group>"; };
		049287031E1B892F00DD3270 /* GoodsTableViewCell.h */ = {isa = PBXFileReference; fileEncoding = 4; lastKnownFileType = sourcecode.c.h; path = GoodsTableViewCell.h; sourceTree = "<group>"; };
		049287041E1B892F00DD3270 /* GoodsTableViewCell.m */ = {isa = PBXFileReference; fileEncoding = 4; lastKnownFileType = sourcecode.c.objc; path = GoodsTableViewCell.m; sourceTree = "<group>"; };
		049287061E1B895B00DD3270 /* OrderSectionHeaderView.h */ = {isa = PBXFileReference; fileEncoding = 4; lastKnownFileType = sourcecode.c.h; path = OrderSectionHeaderView.h; sourceTree = "<group>"; };
		049287071E1B895B00DD3270 /* OrderSectionHeaderView.m */ = {isa = PBXFileReference; fileEncoding = 4; lastKnownFileType = sourcecode.c.objc; path = OrderSectionHeaderView.m; sourceTree = "<group>"; };
		049287081E1B895B00DD3270 /* OrderTableViewCell.h */ = {isa = PBXFileReference; fileEncoding = 4; lastKnownFileType = sourcecode.c.h; path = OrderTableViewCell.h; sourceTree = "<group>"; };
		049287091E1B895B00DD3270 /* OrderTableViewCell.m */ = {isa = PBXFileReference; fileEncoding = 4; lastKnownFileType = sourcecode.c.objc; path = OrderTableViewCell.m; sourceTree = "<group>"; };
		0492870F1E1B8A6800DD3270 /* NetTool.h */ = {isa = PBXFileReference; fileEncoding = 4; lastKnownFileType = sourcecode.c.h; path = NetTool.h; sourceTree = "<group>"; };
		049287101E1B8A6800DD3270 /* NetTool.m */ = {isa = PBXFileReference; fileEncoding = 4; lastKnownFileType = sourcecode.c.objc; path = NetTool.m; sourceTree = "<group>"; };
		049287121E1B999900DD3270 /* DetailOrderViewController.h */ = {isa = PBXFileReference; fileEncoding = 4; lastKnownFileType = sourcecode.c.h; path = DetailOrderViewController.h; sourceTree = "<group>"; };
		049287131E1B999900DD3270 /* DetailOrderViewController.m */ = {isa = PBXFileReference; fileEncoding = 4; lastKnownFileType = sourcecode.c.objc; path = DetailOrderViewController.m; sourceTree = "<group>"; };
		049287141E1B999900DD3270 /* MemberViewController.h */ = {isa = PBXFileReference; fileEncoding = 4; lastKnownFileType = sourcecode.c.h; path = MemberViewController.h; sourceTree = "<group>"; };
		049287151E1B999900DD3270 /* MemberViewController.m */ = {isa = PBXFileReference; fileEncoding = 4; lastKnownFileType = sourcecode.c.objc; path = MemberViewController.m; sourceTree = "<group>"; };
		0492871C1E1B99FF00DD3270 /* MemberTableViewCell.h */ = {isa = PBXFileReference; fileEncoding = 4; lastKnownFileType = sourcecode.c.h; path = MemberTableViewCell.h; sourceTree = "<group>"; };
		0492871D1E1B99FF00DD3270 /* MemberTableViewCell.m */ = {isa = PBXFileReference; fileEncoding = 4; lastKnownFileType = sourcecode.c.objc; path = MemberTableViewCell.m; sourceTree = "<group>"; };
		1D5B66AC1E0A19D900606F86 /* TinyShop.app */ = {isa = PBXFileReference; explicitFileType = wrapper.application; includeInIndex = 0; path = TinyShop.app; sourceTree = BUILT_PRODUCTS_DIR; };
		1D5B66B91E0A19D900606F86 /* Base */ = {isa = PBXFileReference; lastKnownFileType = file.storyboard; name = Base; path = Base.lproj/Main.storyboard; sourceTree = "<group>"; };
		1D5B66BB1E0A19D900606F86 /* Assets.xcassets */ = {isa = PBXFileReference; lastKnownFileType = folder.assetcatalog; path = Assets.xcassets; sourceTree = "<group>"; };
		1D5B66BE1E0A19D900606F86 /* Base */ = {isa = PBXFileReference; lastKnownFileType = file.storyboard; name = Base; path = Base.lproj/LaunchScreen.storyboard; sourceTree = "<group>"; };
		24447CD31E1C9C8200CDAECD /* PullChooseView.h */ = {isa = PBXFileReference; fileEncoding = 4; lastKnownFileType = sourcecode.c.h; path = PullChooseView.h; sourceTree = "<group>"; };
		24447CD41E1C9C8200CDAECD /* PullChooseView.m */ = {isa = PBXFileReference; fileEncoding = 4; lastKnownFileType = sourcecode.c.objc; path = PullChooseView.m; sourceTree = "<group>"; };
		24447CD61E1C9CB700CDAECD /* OnlyChooseDate.h */ = {isa = PBXFileReference; fileEncoding = 4; lastKnownFileType = sourcecode.c.h; path = OnlyChooseDate.h; sourceTree = "<group>"; };
		24447CD71E1C9CB700CDAECD /* OnlyChooseDate.m */ = {isa = PBXFileReference; fileEncoding = 4; lastKnownFileType = sourcecode.c.objc; path = OnlyChooseDate.m; sourceTree = "<group>"; };
		24447CDA1E1CCBAA00CDAECD /* Date.h */ = {isa = PBXFileReference; fileEncoding = 4; lastKnownFileType = sourcecode.c.h; path = Date.h; sourceTree = "<group>"; };
		24447CDB1E1CCBAA00CDAECD /* Date.m */ = {isa = PBXFileReference; fileEncoding = 4; lastKnownFileType = sourcecode.c.objc; path = Date.m; sourceTree = "<group>"; };
		24447CDC1E1CCBAA00CDAECD /* GoodsSubViewController.h */ = {isa = PBXFileReference; fileEncoding = 4; lastKnownFileType = sourcecode.c.h; path = GoodsSubViewController.h; sourceTree = "<group>"; };
		24447CDD1E1CCBAA00CDAECD /* GoodsSubViewController.m */ = {isa = PBXFileReference; fileEncoding = 4; lastKnownFileType = sourcecode.c.objc; path = GoodsSubViewController.m; sourceTree = "<group>"; };
		24447CDE1E1CCBAA00CDAECD /* GoodsViewController.h */ = {isa = PBXFileReference; fileEncoding = 4; lastKnownFileType = sourcecode.c.h; path = GoodsViewController.h; sourceTree = "<group>"; };
		24447CDF1E1CCBAA00CDAECD /* GoodsViewController.m */ = {isa = PBXFileReference; fileEncoding = 4; lastKnownFileType = sourcecode.c.objc; path = GoodsViewController.m; sourceTree = "<group>"; };
		24447CE01E1CCBAA00CDAECD /* MoreView.h */ = {isa = PBXFileReference; fileEncoding = 4; lastKnownFileType = sourcecode.c.h; path = MoreView.h; sourceTree = "<group>"; };
		24447CE11E1CCBAA00CDAECD /* MoreView.m */ = {isa = PBXFileReference; fileEncoding = 4; lastKnownFileType = sourcecode.c.objc; path = MoreView.m; sourceTree = "<group>"; };
		24447CE31E1CCBAA00CDAECD /* MZBarChartView.h */ = {isa = PBXFileReference; fileEncoding = 4; lastKnownFileType = sourcecode.c.h; path = MZBarChartView.h; sourceTree = "<group>"; };
		24447CE41E1CCBAA00CDAECD /* MZBarChartView.m */ = {isa = PBXFileReference; fileEncoding = 4; lastKnownFileType = sourcecode.c.objc; path = MZBarChartView.m; sourceTree = "<group>"; };
		245083DC1E0B9A1C006DE0D4 /* LoginViewController.h */ = {isa = PBXFileReference; fileEncoding = 4; lastKnownFileType = sourcecode.c.h; path = LoginViewController.h; sourceTree = "<group>"; };
		245083DD1E0B9A1C006DE0D4 /* LoginViewController.m */ = {isa = PBXFileReference; fileEncoding = 4; lastKnownFileType = sourcecode.c.objc; path = LoginViewController.m; sourceTree = "<group>"; };
		245083DF1E0B9A45006DE0D4 /* LoginControl.h */ = {isa = PBXFileReference; fileEncoding = 4; lastKnownFileType = sourcecode.c.h; path = LoginControl.h; sourceTree = "<group>"; };
		245083E01E0B9A45006DE0D4 /* LoginControl.m */ = {isa = PBXFileReference; fileEncoding = 4; lastKnownFileType = sourcecode.c.objc; path = LoginControl.m; sourceTree = "<group>"; };
		245083E41E0B9E53006DE0D4 /* BaseUINavigationController.h */ = {isa = PBXFileReference; fileEncoding = 4; lastKnownFileType = sourcecode.c.h; path = BaseUINavigationController.h; sourceTree = "<group>"; };
		245083E51E0B9E53006DE0D4 /* BaseUINavigationController.m */ = {isa = PBXFileReference; fileEncoding = 4; lastKnownFileType = sourcecode.c.objc; path = BaseUINavigationController.m; sourceTree = "<group>"; };
		245083E61E0B9E53006DE0D4 /* DrawerViewController.h */ = {isa = PBXFileReference; fileEncoding = 4; lastKnownFileType = sourcecode.c.h; path = DrawerViewController.h; sourceTree = "<group>"; };
		245083E71E0B9E53006DE0D4 /* DrawerViewController.m */ = {isa = PBXFileReference; fileEncoding = 4; lastKnownFileType = sourcecode.c.objc; path = DrawerViewController.m; sourceTree = "<group>"; };
		245083EE1E0B9EA0006DE0D4 /* DrawerCell.h */ = {isa = PBXFileReference; fileEncoding = 4; lastKnownFileType = sourcecode.c.h; path = DrawerCell.h; sourceTree = "<group>"; };
		245083EF1E0B9EA0006DE0D4 /* DrawerCell.m */ = {isa = PBXFileReference; fileEncoding = 4; lastKnownFileType = sourcecode.c.objc; path = DrawerCell.m; sourceTree = "<group>"; };
		245083F01E0B9EA0006DE0D4 /* DrawerCell.xib */ = {isa = PBXFileReference; fileEncoding = 4; lastKnownFileType = file.xib; path = DrawerCell.xib; sourceTree = "<group>"; };
		245084451E0BC6D6006DE0D4 /* ShopModel.h */ = {isa = PBXFileReference; fileEncoding = 4; lastKnownFileType = sourcecode.c.h; path = ShopModel.h; sourceTree = "<group>"; };
		245084461E0BC6D6006DE0D4 /* UserInstance.h */ = {isa = PBXFileReference; fileEncoding = 4; lastKnownFileType = sourcecode.c.h; path = UserInstance.h; sourceTree = "<group>"; };
		245084471E0BC6D6006DE0D4 /* ShopModel.m */ = {isa = PBXFileReference; fileEncoding = 4; lastKnownFileType = sourcecode.c.objc; path = ShopModel.m; sourceTree = "<group>"; };
		245084481E0BC6D6006DE0D4 /* UserInstance.m */ = {isa = PBXFileReference; fileEncoding = 4; lastKnownFileType = sourcecode.c.objc; path = UserInstance.m; sourceTree = "<group>"; };
		245084831E0D3F33006DE0D4 /* UserTableViewController.h */ = {isa = PBXFileReference; fileEncoding = 4; lastKnownFileType = sourcecode.c.h; path = UserTableViewController.h; sourceTree = "<group>"; };
		245084841E0D3F33006DE0D4 /* UserTableViewController.m */ = {isa = PBXFileReference; fileEncoding = 4; lastKnownFileType = sourcecode.c.objc; path = UserTableViewController.m; sourceTree = "<group>"; };
		245084861E0D3F5D006DE0D4 /* HistoryTableViewController.h */ = {isa = PBXFileReference; fileEncoding = 4; lastKnownFileType = sourcecode.c.h; path = HistoryTableViewController.h; sourceTree = "<group>"; };
		245084871E0D3F5D006DE0D4 /* HistoryTableViewController.m */ = {isa = PBXFileReference; fileEncoding = 4; lastKnownFileType = sourcecode.c.objc; path = HistoryTableViewController.m; sourceTree = "<group>"; };
		247672621E0E3B8C001B0899 /* TimeControll.h */ = {isa = PBXFileReference; fileEncoding = 4; lastKnownFileType = sourcecode.c.h; path = TimeControll.h; sourceTree = "<group>"; };
		247672631E0E3B8C001B0899 /* TimeControll.m */ = {isa = PBXFileReference; fileEncoding = 4; lastKnownFileType = sourcecode.c.objc; path = TimeControll.m; sourceTree = "<group>"; };
		24B607A21E10FFAE002282A3 /* ChooseStoreView.h */ = {isa = PBXFileReference; fileEncoding = 4; lastKnownFileType = sourcecode.c.h; path = ChooseStoreView.h; sourceTree = "<group>"; };
		24B607A31E10FFAE002282A3 /* ChooseStoreView.m */ = {isa = PBXFileReference; fileEncoding = 4; lastKnownFileType = sourcecode.c.objc; path = ChooseStoreView.m; sourceTree = "<group>"; };
		24B607A51E11030C002282A3 /* ChooseTableCell.h */ = {isa = PBXFileReference; fileEncoding = 4; lastKnownFileType = sourcecode.c.h; path = ChooseTableCell.h; sourceTree = "<group>"; };
		24B607A61E11030C002282A3 /* ChooseTableCell.m */ = {isa = PBXFileReference; fileEncoding = 4; lastKnownFileType = sourcecode.c.objc; path = ChooseTableCell.m; sourceTree = "<group>"; };
		24B607A71E11030C002282A3 /* ChooseTableCell.xib */ = {isa = PBXFileReference; fileEncoding = 4; lastKnownFileType = file.xib; path = ChooseTableCell.xib; sourceTree = "<group>"; };
		24B607C61E12884B002282A3 /* PieChartView.h */ = {isa = PBXFileReference; fileEncoding = 4; lastKnownFileType = sourcecode.c.h; path = PieChartView.h; sourceTree = "<group>"; };
		24B607C71E12884B002282A3 /* PieChartView.m */ = {isa = PBXFileReference; fileEncoding = 4; lastKnownFileType = sourcecode.c.objc; path = PieChartView.m; sourceTree = "<group>"; };
		24B607C91E128B78002282A3 /* ChartTableViewCell.h */ = {isa = PBXFileReference; fileEncoding = 4; lastKnownFileType = sourcecode.c.h; path = ChartTableViewCell.h; sourceTree = "<group>"; };
		24B607CA1E128B78002282A3 /* ChartTableViewCell.m */ = {isa = PBXFileReference; fileEncoding = 4; lastKnownFileType = sourcecode.c.objc; path = ChartTableViewCell.m; sourceTree = "<group>"; };
		24B607CB1E128B78002282A3 /* ChartTableViewCell.xib */ = {isa = PBXFileReference; fileEncoding = 4; lastKnownFileType = file.xib; path = ChartTableViewCell.xib; sourceTree = "<group>"; };
		24B607D11E13A828002282A3 /* MyPieChartView.h */ = {isa = PBXFileReference; fileEncoding = 4; lastKnownFileType = sourcecode.c.h; path = MyPieChartView.h; sourceTree = "<group>"; };
		24B607D21E13A828002282A3 /* MyPieChartView.m */ = {isa = PBXFileReference; fileEncoding = 4; lastKnownFileType = sourcecode.c.objc; path = MyPieChartView.m; sourceTree = "<group>"; };
		24B607D41E13B2EE002282A3 /* ChartTableViewDetailCellTableViewCell.h */ = {isa = PBXFileReference; fileEncoding = 4; lastKnownFileType = sourcecode.c.h; path = ChartTableViewDetailCellTableViewCell.h; sourceTree = "<group>"; };
		24B607D51E13B2EE002282A3 /* ChartTableViewDetailCellTableViewCell.m */ = {isa = PBXFileReference; fileEncoding = 4; lastKnownFileType = sourcecode.c.objc; path = ChartTableViewDetailCellTableViewCell.m; sourceTree = "<group>"; };
		24B607DD1E13DDA7002282A3 /* DailyTimeControll.h */ = {isa = PBXFileReference; fileEncoding = 4; lastKnownFileType = sourcecode.c.h; path = DailyTimeControll.h; sourceTree = "<group>"; };
		24B607DE1E13DDA7002282A3 /* DailyTimeControll.m */ = {isa = PBXFileReference; fileEncoding = 4; lastKnownFileType = sourcecode.c.objc; path = DailyTimeControll.m; sourceTree = "<group>"; };
		24B607E01E14BDFD002282A3 /* ChooseDateView.h */ = {isa = PBXFileReference; fileEncoding = 4; lastKnownFileType = sourcecode.c.h; path = ChooseDateView.h; sourceTree = "<group>"; };
		24B607E11E14BDFD002282A3 /* ChooseDateView.m */ = {isa = PBXFileReference; fileEncoding = 4; lastKnownFileType = sourcecode.c.objc; path = ChooseDateView.m; sourceTree = "<group>"; };
		24B608121E1793B5002282A3 /* DailyDetailViewController.h */ = {isa = PBXFileReference; fileEncoding = 4; lastKnownFileType = sourcecode.c.h; path = DailyDetailViewController.h; sourceTree = "<group>"; };
		24B608131E1793B5002282A3 /* DailyDetailViewController.m */ = {isa = PBXFileReference; fileEncoding = 4; lastKnownFileType = sourcecode.c.objc; path = DailyDetailViewController.m; sourceTree = "<group>"; };
		24B608141E1793B5002282A3 /* DailyViewController.h */ = {isa = PBXFileReference; fileEncoding = 4; lastKnownFileType = sourcecode.c.h; path = DailyViewController.h; sourceTree = "<group>"; };
		24B608151E1793B5002282A3 /* DailyViewController.m */ = {isa = PBXFileReference; fileEncoding = 4; lastKnownFileType = sourcecode.c.objc; path = DailyViewController.m; sourceTree = "<group>"; };
		24B608181E1793F9002282A3 /* TimeIncomeDetailViewController.h */ = {isa = PBXFileReference; fileEncoding = 4; lastKnownFileType = sourcecode.c.h; path = TimeIncomeDetailViewController.h; sourceTree = "<group>"; };
		24B608191E1793F9002282A3 /* TimeIncomeDetailViewController.m */ = {isa = PBXFileReference; fileEncoding = 4; lastKnownFileType = sourcecode.c.objc; path = TimeIncomeDetailViewController.m; sourceTree = "<group>"; };
		24B6081A1E1793F9002282A3 /* TimeViewController.h */ = {isa = PBXFileReference; fileEncoding = 4; lastKnownFileType = sourcecode.c.h; path = TimeViewController.h; sourceTree = "<group>"; };
		24B6081B1E1793F9002282A3 /* TimeViewController.m */ = {isa = PBXFileReference; fileEncoding = 4; lastKnownFileType = sourcecode.c.objc; path = TimeViewController.m; sourceTree = "<group>"; };
		24B608201E179A52002282A3 /* TQConst.h */ = {isa = PBXFileReference; fileEncoding = 4; lastKnownFileType = sourcecode.c.h; path = TQConst.h; sourceTree = "<group>"; };
		24B608211E179A52002282A3 /* TQConst.m */ = {isa = PBXFileReference; fileEncoding = 4; lastKnownFileType = sourcecode.c.objc; path = TQConst.m; sourceTree = "<group>"; };
		24B608231E179A52002282A3 /* ColorDefine.h */ = {isa = PBXFileReference; fileEncoding = 4; lastKnownFileType = sourcecode.c.h; path = ColorDefine.h; sourceTree = "<group>"; };
		24B608241E179A52002282A3 /* GrayWhiteView.h */ = {isa = PBXFileReference; fileEncoding = 4; lastKnownFileType = sourcecode.c.h; path = GrayWhiteView.h; sourceTree = "<group>"; };
		24B608251E179A52002282A3 /* GrayWhiteView.m */ = {isa = PBXFileReference; fileEncoding = 4; lastKnownFileType = sourcecode.c.objc; path = GrayWhiteView.m; sourceTree = "<group>"; };
		24B608261E179A52002282A3 /* MZLineView.h */ = {isa = PBXFileReference; fileEncoding = 4; lastKnownFileType = sourcecode.c.h; path = MZLineView.h; sourceTree = "<group>"; };
		24B608271E179A52002282A3 /* MZLineView.m */ = {isa = PBXFileReference; fileEncoding = 4; lastKnownFileType = sourcecode.c.objc; path = MZLineView.m; sourceTree = "<group>"; };
		24B608281E179A52002282A3 /* UIView+Addtions.h */ = {isa = PBXFileReference; fileEncoding = 4; lastKnownFileType = sourcecode.c.h; path = "UIView+Addtions.h"; sourceTree = "<group>"; };
		24B608291E179A52002282A3 /* UIView+Addtions.m */ = {isa = PBXFileReference; fileEncoding = 4; lastKnownFileType = sourcecode.c.objc; path = "UIView+Addtions.m"; sourceTree = "<group>"; };
		24B6082A1E179A52002282A3 /* ZFCirque.h */ = {isa = PBXFileReference; fileEncoding = 4; lastKnownFileType = sourcecode.c.h; path = ZFCirque.h; sourceTree = "<group>"; };
		24B6082B1E179A52002282A3 /* ZFCirque.m */ = {isa = PBXFileReference; fileEncoding = 4; lastKnownFileType = sourcecode.c.objc; path = ZFCirque.m; sourceTree = "<group>"; };
		24B6082D1E179A52002282A3 /* NSString+MD5.h */ = {isa = PBXFileReference; fileEncoding = 4; lastKnownFileType = sourcecode.c.h; path = "NSString+MD5.h"; sourceTree = "<group>"; };
		24B6082E1E179A52002282A3 /* NSString+MD5.m */ = {isa = PBXFileReference; fileEncoding = 4; lastKnownFileType = sourcecode.c.objc; path = "NSString+MD5.m"; sourceTree = "<group>"; };
		24B6082F1E179A52002282A3 /* NSString+Width.h */ = {isa = PBXFileReference; fileEncoding = 4; lastKnownFileType = sourcecode.c.h; path = "NSString+Width.h"; sourceTree = "<group>"; };
		24B608301E179A52002282A3 /* NSString+Width.m */ = {isa = PBXFileReference; fileEncoding = 4; lastKnownFileType = sourcecode.c.objc; path = "NSString+Width.m"; sourceTree = "<group>"; };
		24B608311E179A52002282A3 /* UIColor+Hex.h */ = {isa = PBXFileReference; fileEncoding = 4; lastKnownFileType = sourcecode.c.h; path = "UIColor+Hex.h"; sourceTree = "<group>"; };
		24B608321E179A52002282A3 /* UIColor+Hex.m */ = {isa = PBXFileReference; fileEncoding = 4; lastKnownFileType = sourcecode.c.objc; path = "UIColor+Hex.m"; sourceTree = "<group>"; };
		24B608341E179A52002282A3 /* LogCategory.h */ = {isa = PBXFileReference; fileEncoding = 4; lastKnownFileType = sourcecode.c.h; path = LogCategory.h; sourceTree = "<group>"; };
		24B608351E179A52002282A3 /* LogCategory.m */ = {isa = PBXFileReference; fileEncoding = 4; lastKnownFileType = sourcecode.c.objc; path = LogCategory.m; sourceTree = "<group>"; };
		24B608381E179A52002282A3 /* MASCompositeConstraint.h */ = {isa = PBXFileReference; fileEncoding = 4; lastKnownFileType = sourcecode.c.h; path = MASCompositeConstraint.h; sourceTree = "<group>"; };
		24B608391E179A52002282A3 /* MASCompositeConstraint.m */ = {isa = PBXFileReference; fileEncoding = 4; lastKnownFileType = sourcecode.c.objc; path = MASCompositeConstraint.m; sourceTree = "<group>"; };
		24B6083A1E179A52002282A3 /* MASConstraint+Private.h */ = {isa = PBXFileReference; fileEncoding = 4; lastKnownFileType = sourcecode.c.h; path = "MASConstraint+Private.h"; sourceTree = "<group>"; };
		24B6083B1E179A52002282A3 /* MASConstraint.h */ = {isa = PBXFileReference; fileEncoding = 4; lastKnownFileType = sourcecode.c.h; path = MASConstraint.h; sourceTree = "<group>"; };
		24B6083C1E179A52002282A3 /* MASConstraint.m */ = {isa = PBXFileReference; fileEncoding = 4; lastKnownFileType = sourcecode.c.objc; path = MASConstraint.m; sourceTree = "<group>"; };
		24B6083D1E179A52002282A3 /* MASConstraintMaker.h */ = {isa = PBXFileReference; fileEncoding = 4; lastKnownFileType = sourcecode.c.h; path = MASConstraintMaker.h; sourceTree = "<group>"; };
		24B6083E1E179A52002282A3 /* MASConstraintMaker.m */ = {isa = PBXFileReference; fileEncoding = 4; lastKnownFileType = sourcecode.c.objc; path = MASConstraintMaker.m; sourceTree = "<group>"; };
		24B6083F1E179A52002282A3 /* MASLayoutConstraint.h */ = {isa = PBXFileReference; fileEncoding = 4; lastKnownFileType = sourcecode.c.h; path = MASLayoutConstraint.h; sourceTree = "<group>"; };
		24B608401E179A52002282A3 /* MASLayoutConstraint.m */ = {isa = PBXFileReference; fileEncoding = 4; lastKnownFileType = sourcecode.c.objc; path = MASLayoutConstraint.m; sourceTree = "<group>"; };
		24B608411E179A52002282A3 /* Masonry.h */ = {isa = PBXFileReference; fileEncoding = 4; lastKnownFileType = sourcecode.c.h; path = Masonry.h; sourceTree = "<group>"; };
		24B608421E179A52002282A3 /* MASUtilities.h */ = {isa = PBXFileReference; fileEncoding = 4; lastKnownFileType = sourcecode.c.h; path = MASUtilities.h; sourceTree = "<group>"; };
		24B608431E179A52002282A3 /* MASViewAttribute.h */ = {isa = PBXFileReference; fileEncoding = 4; lastKnownFileType = sourcecode.c.h; path = MASViewAttribute.h; sourceTree = "<group>"; };
		24B608441E179A52002282A3 /* MASViewAttribute.m */ = {isa = PBXFileReference; fileEncoding = 4; lastKnownFileType = sourcecode.c.objc; path = MASViewAttribute.m; sourceTree = "<group>"; };
		24B608451E179A52002282A3 /* MASViewConstraint.h */ = {isa = PBXFileReference; fileEncoding = 4; lastKnownFileType = sourcecode.c.h; path = MASViewConstraint.h; sourceTree = "<group>"; };
		24B608461E179A52002282A3 /* MASViewConstraint.m */ = {isa = PBXFileReference; fileEncoding = 4; lastKnownFileType = sourcecode.c.objc; path = MASViewConstraint.m; sourceTree = "<group>"; };
		24B608471E179A52002282A3 /* NSArray+MASAdditions.h */ = {isa = PBXFileReference; fileEncoding = 4; lastKnownFileType = sourcecode.c.h; path = "NSArray+MASAdditions.h"; sourceTree = "<group>"; };
		24B608481E179A52002282A3 /* NSArray+MASAdditions.m */ = {isa = PBXFileReference; fileEncoding = 4; lastKnownFileType = sourcecode.c.objc; path = "NSArray+MASAdditions.m"; sourceTree = "<group>"; };
		24B608491E179A52002282A3 /* NSArray+MASShorthandAdditions.h */ = {isa = PBXFileReference; fileEncoding = 4; lastKnownFileType = sourcecode.c.h; path = "NSArray+MASShorthandAdditions.h"; sourceTree = "<group>"; };
		24B6084A1E179A52002282A3 /* NSLayoutConstraint+MASDebugAdditions.h */ = {isa = PBXFileReference; fileEncoding = 4; lastKnownFileType = sourcecode.c.h; path = "NSLayoutConstraint+MASDebugAdditions.h"; sourceTree = "<group>"; };
		24B6084B1E179A52002282A3 /* NSLayoutConstraint+MASDebugAdditions.m */ = {isa = PBXFileReference; fileEncoding = 4; lastKnownFileType = sourcecode.c.objc; path = "NSLayoutConstraint+MASDebugAdditions.m"; sourceTree = "<group>"; };
		24B6084C1E179A52002282A3 /* View+MASAdditions.h */ = {isa = PBXFileReference; fileEncoding = 4; lastKnownFileType = sourcecode.c.h; path = "View+MASAdditions.h"; sourceTree = "<group>"; };
		24B6084D1E179A52002282A3 /* View+MASAdditions.m */ = {isa = PBXFileReference; fileEncoding = 4; lastKnownFileType = sourcecode.c.objc; path = "View+MASAdditions.m"; sourceTree = "<group>"; };
		24B6084E1E179A52002282A3 /* View+MASShorthandAdditions.h */ = {isa = PBXFileReference; fileEncoding = 4; lastKnownFileType = sourcecode.c.h; path = "View+MASShorthandAdditions.h"; sourceTree = "<group>"; };
		24B6084F1E179A52002282A3 /* ViewController+MASAdditions.h */ = {isa = PBXFileReference; fileEncoding = 4; lastKnownFileType = sourcecode.c.h; path = "ViewController+MASAdditions.h"; sourceTree = "<group>"; };
		24B608501E179A52002282A3 /* ViewController+MASAdditions.m */ = {isa = PBXFileReference; fileEncoding = 4; lastKnownFileType = sourcecode.c.objc; path = "ViewController+MASAdditions.m"; sourceTree = "<group>"; };
		24B608521E179A52002282A3 /* MBProgressHUD+MJ.h */ = {isa = PBXFileReference; fileEncoding = 4; lastKnownFileType = sourcecode.c.h; path = "MBProgressHUD+MJ.h"; sourceTree = "<group>"; };
		24B608531E179A52002282A3 /* MBProgressHUD+MJ.m */ = {isa = PBXFileReference; fileEncoding = 4; lastKnownFileType = sourcecode.c.objc; path = "MBProgressHUD+MJ.m"; sourceTree = "<group>"; };
		24B608551E179A52002282A3 /* MZPieChartDataSet.h */ = {isa = PBXFileReference; fileEncoding = 4; lastKnownFileType = sourcecode.c.h; path = MZPieChartDataSet.h; sourceTree = "<group>"; };
		24B608561E179A52002282A3 /* MZPieChartDataSet.m */ = {isa = PBXFileReference; fileEncoding = 4; lastKnownFileType = sourcecode.c.objc; path = MZPieChartDataSet.m; sourceTree = "<group>"; };
		24B608571E179A52002282A3 /* MZPieChartFontColorSet.h */ = {isa = PBXFileReference; fileEncoding = 4; lastKnownFileType = sourcecode.c.h; path = MZPieChartFontColorSet.h; sourceTree = "<group>"; };
		24B608581E179A52002282A3 /* MZPieChartFontColorSet.m */ = {isa = PBXFileReference; fileEncoding = 4; lastKnownFileType = sourcecode.c.objc; path = MZPieChartFontColorSet.m; sourceTree = "<group>"; };
		24B608591E179A52002282A3 /* MZPieChartSet.h */ = {isa = PBXFileReference; fileEncoding = 4; lastKnownFileType = sourcecode.c.h; path = MZPieChartSet.h; sourceTree = "<group>"; };
		24B6085A1E179A52002282A3 /* MZPieChartSet.m */ = {isa = PBXFileReference; fileEncoding = 4; lastKnownFileType = sourcecode.c.objc; path = MZPieChartSet.m; sourceTree = "<group>"; };
		24B6085B1E179A52002282A3 /* MZPieChartView.h */ = {isa = PBXFileReference; fileEncoding = 4; lastKnownFileType = sourcecode.c.h; path = MZPieChartView.h; sourceTree = "<group>"; };
		24B6085C1E179A52002282A3 /* MZPieChartView.m */ = {isa = PBXFileReference; fileEncoding = 4; lastKnownFileType = sourcecode.c.objc; path = MZPieChartView.m; sourceTree = "<group>"; };
		24B6085D1E179A52002282A3 /* UIView+Addtions.h */ = {isa = PBXFileReference; fileEncoding = 4; lastKnownFileType = sourcecode.c.h; path = "UIView+Addtions.h"; sourceTree = "<group>"; };
		24B6085E1E179A52002282A3 /* UIView+Addtions.m */ = {isa = PBXFileReference; fileEncoding = 4; lastKnownFileType = sourcecode.c.objc; path = "UIView+Addtions.m"; sourceTree = "<group>"; };
		24B608621E179A52002282A3 /* API.h */ = {isa = PBXFileReference; fileEncoding = 4; lastKnownFileType = sourcecode.c.h; path = API.h; sourceTree = "<group>"; };
		24B608631E179A52002282A3 /* AppDelegate.h */ = {isa = PBXFileReference; fileEncoding = 4; lastKnownFileType = sourcecode.c.h; path = AppDelegate.h; sourceTree = "<group>"; };
		24B608641E179A52002282A3 /* AppDelegate.m */ = {isa = PBXFileReference; fileEncoding = 4; lastKnownFileType = sourcecode.c.objc; path = AppDelegate.m; sourceTree = "<group>"; };
		24B608651E179A52002282A3 /* Info.plist */ = {isa = PBXFileReference; fileEncoding = 4; lastKnownFileType = text.plist.xml; path = Info.plist; sourceTree = "<group>"; };
		24B608661E179A52002282A3 /* main.m */ = {isa = PBXFileReference; fileEncoding = 4; lastKnownFileType = sourcecode.c.objc; path = main.m; sourceTree = "<group>"; };
		24B608671E179A52002282A3 /* PrefixHeader.pch */ = {isa = PBXFileReference; fileEncoding = 4; lastKnownFileType = sourcecode.c.h; path = PrefixHeader.pch; sourceTree = "<group>"; };
		24B608681E179A52002282A3 /* ViewController.h */ = {isa = PBXFileReference; fileEncoding = 4; lastKnownFileType = sourcecode.c.h; path = ViewController.h; sourceTree = "<group>"; };
		24B608691E179A52002282A3 /* ViewController.m */ = {isa = PBXFileReference; fileEncoding = 4; lastKnownFileType = sourcecode.c.objc; path = ViewController.m; sourceTree = "<group>"; };
		58CF7CA41E8CA82B7B15846F /* libPods-TinyShop.a */ = {isa = PBXFileReference; explicitFileType = archive.ar; includeInIndex = 0; path = "libPods-TinyShop.a"; sourceTree = BUILT_PRODUCTS_DIR; };
		A6A505FFF64C656988E6161E /* Pods-TinyShop.release.xcconfig */ = {isa = PBXFileReference; includeInIndex = 1; lastKnownFileType = text.xcconfig; name = "Pods-TinyShop.release.xcconfig"; path = "Pods/Target Support Files/Pods-TinyShop/Pods-TinyShop.release.xcconfig"; sourceTree = "<group>"; };
		B427A3F2277ECC111D854335 /* Pods-TinyShop.debug.xcconfig */ = {isa = PBXFileReference; includeInIndex = 1; lastKnownFileType = text.xcconfig; name = "Pods-TinyShop.debug.xcconfig"; path = "Pods/Target Support Files/Pods-TinyShop/Pods-TinyShop.debug.xcconfig"; sourceTree = "<group>"; };
/* End PBXFileReference section */

/* Begin PBXFrameworksBuildPhase section */
		1D5B66A91E0A19D900606F86 /* Frameworks */ = {
			isa = PBXFrameworksBuildPhase;
			buildActionMask = 2147483647;
			files = (
				ABE5B94AF12294997B7ECB53 /* libPods-TinyShop.a in Frameworks */,
			);
			runOnlyForDeploymentPostprocessing = 0;
		};
/* End PBXFrameworksBuildPhase section */

/* Begin PBXGroup section */
		0439F7DA1E0CC149009309E3 /* Home */ = {
			isa = PBXGroup;
			children = (
				0439F7DE1E0CC24D009309E3 /* HomeViewController.h */,
				0439F7DF1E0CC24D009309E3 /* HomeViewController.m */,
				0439F7DB1E0CC16A009309E3 /* HomeTableViewCell.h */,
				0439F7DC1E0CC16A009309E3 /* HomeTableViewCell.m */,
			);
			path = Home;
			sourceTree = "<group>";
		};
		049286C41E1B833D00DD3270 /* Controller */ = {
			isa = PBXGroup;
			children = (
				049286DC1E1B87D700DD3270 /* HistoryDetailViewController.h */,
				049286DD1E1B87D700DD3270 /* HistoryDetailViewController.m */,
				049286DE1E1B87D700DD3270 /* HistoryRecordViewController.h */,
				049286DF1E1B87D700DD3270 /* HistoryRecordViewController.m */,
				049286E01E1B87D700DD3270 /* HistoryViewController.h */,
				049286E11E1B87D700DD3270 /* HistoryViewController.m */,
			);
			name = Controller;
			path = "../商品运营/Controller";
			sourceTree = "<group>";
		};
		049286C51E1B833D00DD3270 /* Model */ = {
			isa = PBXGroup;
			children = (
				049286E51E1B87F000DD3270 /* HistoryDetailModel.h */,
				049286E61E1B87F000DD3270 /* HistoryDetailModel.m */,
				049286E71E1B87F000DD3270 /* HistoryOrderModel.h */,
				049286E81E1B87F000DD3270 /* HistoryOrderModel.m */,
			);
			name = Model;
			path = "../商品运营/Model";
			sourceTree = "<group>";
		};
		049286C61E1B833D00DD3270 /* View */ = {
			isa = PBXGroup;
			children = (
				049286EB1E1B880100DD3270 /* HistoryDetailTableViewCell.h */,
				049286EC1E1B880100DD3270 /* HistoryDetailTableViewCell.m */,
				049286ED1E1B880100DD3270 /* HistoryTableViewCell.h */,
				049286EE1E1B880100DD3270 /* HistoryTableViewCell.m */,
			);
			name = View;
			path = "../商品运营/View";
			sourceTree = "<group>";
		};
		049286F11E1B885600DD3270 /* Controller */ = {
			isa = PBXGroup;
			children = (
				049287121E1B999900DD3270 /* DetailOrderViewController.h */,
				049287131E1B999900DD3270 /* DetailOrderViewController.m */,
				049287141E1B999900DD3270 /* MemberViewController.h */,
				049287151E1B999900DD3270 /* MemberViewController.m */,
			);
			path = Controller;
			sourceTree = "<group>";
		};
		049286F21E1B885600DD3270 /* Model */ = {
			isa = PBXGroup;
			children = (
				049286FA1E1B88BF00DD3270 /* OrderModel.h */,
				049286FB1E1B88BF00DD3270 /* OrderModel.m */,
				049286FC1E1B88BF00DD3270 /* VipModel.h */,
				049286FD1E1B88BF00DD3270 /* VipModel.m */,
				049286F41E1B889A00DD3270 /* GoodsModel.h */,
				049286F51E1B889A00DD3270 /* GoodsModel.m */,
				049286F61E1B889A00DD3270 /* TypeModel.h */,
				049286F71E1B889A00DD3270 /* TypeModel.m */,
			);
			path = Model;
			sourceTree = "<group>";
		};
		049286F31E1B885600DD3270 /* View */ = {
			isa = PBXGroup;
			children = (
				0492871C1E1B99FF00DD3270 /* MemberTableViewCell.h */,
				0492871D1E1B99FF00DD3270 /* MemberTableViewCell.m */,
				049287061E1B895B00DD3270 /* OrderSectionHeaderView.h */,
				049287071E1B895B00DD3270 /* OrderSectionHeaderView.m */,
				049287081E1B895B00DD3270 /* OrderTableViewCell.h */,
				049287091E1B895B00DD3270 /* OrderTableViewCell.m */,
				049287031E1B892F00DD3270 /* GoodsTableViewCell.h */,
				049287041E1B892F00DD3270 /* GoodsTableViewCell.m */,
				049287001E1B890000DD3270 /* TypeTableViewCell.h */,
				049287011E1B890000DD3270 /* TypeTableViewCell.m */,
			);
			path = View;
			sourceTree = "<group>";
		};
		147DF3733EA4BB795BE430CB /* Frameworks */ = {
			isa = PBXGroup;
			children = (
				58CF7CA41E8CA82B7B15846F /* libPods-TinyShop.a */,
			);
			name = Frameworks;
			sourceTree = "<group>";
		};
		1D5B66A31E0A19D900606F86 = {
			isa = PBXGroup;
			children = (
				1D5B66AE1E0A19D900606F86 /* TinyShop */,
				1D5B66AD1E0A19D900606F86 /* Products */,
				22208203A7EC6774C8167D07 /* Pods */,
				147DF3733EA4BB795BE430CB /* Frameworks */,
			);
			sourceTree = "<group>";
		};
		1D5B66AD1E0A19D900606F86 /* Products */ = {
			isa = PBXGroup;
			children = (
				1D5B66AC1E0A19D900606F86 /* TinyShop.app */,
			);
			name = Products;
			sourceTree = "<group>";
		};
		1D5B66AE1E0A19D900606F86 /* TinyShop */ = {
			isa = PBXGroup;
			children = (
				24447CD91E1CCBAA00CDAECD /* 商品运营 */,
				24B6081E1E179A52002282A3 /* Tool */,
				2450847E1E0D3EF6006DE0D4 /* 会员信息 */,
				2450847F1E0D3EF6006DE0D4 /* 历史记录 */,
				245084811E0D3EF6006DE0D4 /* 日常运营 */,
				245084821E0D3EF6006DE0D4 /* 时段收入 */,
				0439F7DA1E0CC149009309E3 /* Home */,
				245083D41E0B9911006DE0D4 /* 登录 */,
				245083BF1E0B660C006DE0D4 /* Main */,
				1D5B66B81E0A19D900606F86 /* Main.storyboard */,
				1D5B66BB1E0A19D900606F86 /* Assets.xcassets */,
				1D5B66BD1E0A19D900606F86 /* LaunchScreen.storyboard */,
				1D5B66AF1E0A19D900606F86 /* Supporting Files */,
			);
			path = TinyShop;
			sourceTree = "<group>";
		};
		1D5B66AF1E0A19D900606F86 /* Supporting Files */ = {
			isa = PBXGroup;
			children = (
			);
			name = "Supporting Files";
			sourceTree = "<group>";
		};
		22208203A7EC6774C8167D07 /* Pods */ = {
			isa = PBXGroup;
			children = (
				B427A3F2277ECC111D854335 /* Pods-TinyShop.debug.xcconfig */,
				A6A505FFF64C656988E6161E /* Pods-TinyShop.release.xcconfig */,
			);
			name = Pods;
			sourceTree = "<group>";
		};
		24447CD21E1C9C8100CDAECD /* CustomView */ = {
			isa = PBXGroup;
			children = (
				24447CD31E1C9C8200CDAECD /* PullChooseView.h */,
				24447CD41E1C9C8200CDAECD /* PullChooseView.m */,
				24447CD61E1C9CB700CDAECD /* OnlyChooseDate.h */,
				24447CD71E1C9CB700CDAECD /* OnlyChooseDate.m */,
			);
			path = CustomView;
			sourceTree = "<group>";
		};
		24447CD91E1CCBAA00CDAECD /* 商品运营 */ = {
			isa = PBXGroup;
			children = (
				24447CDA1E1CCBAA00CDAECD /* Date.h */,
				24447CDB1E1CCBAA00CDAECD /* Date.m */,
				24447CDC1E1CCBAA00CDAECD /* GoodsSubViewController.h */,
				24447CDD1E1CCBAA00CDAECD /* GoodsSubViewController.m */,
				24447CDE1E1CCBAA00CDAECD /* GoodsViewController.h */,
				24447CDF1E1CCBAA00CDAECD /* GoodsViewController.m */,
				24447CE01E1CCBAA00CDAECD /* MoreView.h */,
				24447CE11E1CCBAA00CDAECD /* MoreView.m */,
				24447CE21E1CCBAA00CDAECD /* MZBarChart */,
			);
			path = "商品运营";
			sourceTree = "<group>";
		};
		24447CE21E1CCBAA00CDAECD /* MZBarChart */ = {
			isa = PBXGroup;
			children = (
				24447CE31E1CCBAA00CDAECD /* MZBarChartView.h */,
				24447CE41E1CCBAA00CDAECD /* MZBarChartView.m */,
			);
			path = MZBarChart;
			sourceTree = "<group>";
		};
		245083BF1E0B660C006DE0D4 /* Main */ = {
			isa = PBXGroup;
			children = (
				245083ED1E0B9E78006DE0D4 /* Cells */,
				245083E21E0B9E53006DE0D4 /* Control */,
				245083E31E0B9E53006DE0D4 /* View */,
			);
			path = Main;
			sourceTree = "<group>";
		};
		245083D41E0B9911006DE0D4 /* 登录 */ = {
			isa = PBXGroup;
			children = (
				245083D91E0B9A1C006DE0D4 /* Control */,
				245083DA1E0B9A1C006DE0D4 /* Model */,
				245083DB1E0B9A1C006DE0D4 /* View */,
			);
			path = "登录";
			sourceTree = "<group>";
		};
		245083D91E0B9A1C006DE0D4 /* Control */ = {
			isa = PBXGroup;
			children = (
				245083DF1E0B9A45006DE0D4 /* LoginControl.h */,
				245083E01E0B9A45006DE0D4 /* LoginControl.m */,
			);
			path = Control;
			sourceTree = "<group>";
		};
		245083DA1E0B9A1C006DE0D4 /* Model */ = {
			isa = PBXGroup;
			children = (
				245084451E0BC6D6006DE0D4 /* ShopModel.h */,
				245084471E0BC6D6006DE0D4 /* ShopModel.m */,
				245084461E0BC6D6006DE0D4 /* UserInstance.h */,
				245084481E0BC6D6006DE0D4 /* UserInstance.m */,
			);
			path = Model;
			sourceTree = "<group>";
		};
		245083DB1E0B9A1C006DE0D4 /* View */ = {
			isa = PBXGroup;
			children = (
				245083DC1E0B9A1C006DE0D4 /* LoginViewController.h */,
				245083DD1E0B9A1C006DE0D4 /* LoginViewController.m */,
			);
			path = View;
			sourceTree = "<group>";
		};
		245083E21E0B9E53006DE0D4 /* Control */ = {
			isa = PBXGroup;
			children = (
			);
			path = Control;
			sourceTree = "<group>";
		};
		245083E31E0B9E53006DE0D4 /* View */ = {
			isa = PBXGroup;
			children = (
				245083E41E0B9E53006DE0D4 /* BaseUINavigationController.h */,
				245083E51E0B9E53006DE0D4 /* BaseUINavigationController.m */,
				245083E61E0B9E53006DE0D4 /* DrawerViewController.h */,
				245083E71E0B9E53006DE0D4 /* DrawerViewController.m */,
			);
			path = View;
			sourceTree = "<group>";
		};
		245083ED1E0B9E78006DE0D4 /* Cells */ = {
			isa = PBXGroup;
			children = (
				245083EE1E0B9EA0006DE0D4 /* DrawerCell.h */,
				245083EF1E0B9EA0006DE0D4 /* DrawerCell.m */,
				245083F01E0B9EA0006DE0D4 /* DrawerCell.xib */,
			);
			path = Cells;
			sourceTree = "<group>";
		};
		2450847E1E0D3EF6006DE0D4 /* 会员信息 */ = {
			isa = PBXGroup;
			children = (
				049286F11E1B885600DD3270 /* Controller */,
				049286F21E1B885600DD3270 /* Model */,
				049286F31E1B885600DD3270 /* View */,
				245084831E0D3F33006DE0D4 /* UserTableViewController.h */,
				245084841E0D3F33006DE0D4 /* UserTableViewController.m */,
			);
			path = "会员信息";
			sourceTree = "<group>";
		};
		2450847F1E0D3EF6006DE0D4 /* 历史记录 */ = {
			isa = PBXGroup;
			children = (
				049286C41E1B833D00DD3270 /* Controller */,
				049286C51E1B833D00DD3270 /* Model */,
				049286C61E1B833D00DD3270 /* View */,
				245084861E0D3F5D006DE0D4 /* HistoryTableViewController.h */,
				245084871E0D3F5D006DE0D4 /* HistoryTableViewController.m */,
			);
			path = "历史记录";
			sourceTree = "<group>";
		};
		245084811E0D3EF6006DE0D4 /* 日常运营 */ = {
			isa = PBXGroup;
			children = (
				24B607D71E13DD31002282A3 /* Controller */,
				24B607D81E13DD31002282A3 /* Model */,
				24B607D91E13DD31002282A3 /* View */,
			);
			path = "日常运营";
			sourceTree = "<group>";
		};
		245084821E0D3EF6006DE0D4 /* 时段收入 */ = {
			isa = PBXGroup;
			children = (
				24B2EBBC1E0E034F00596882 /* Control */,
				24B2EBBD1E0E034F00596882 /* Model */,
				24B2EBBE1E0E034F00596882 /* View */,
			);
			path = "时段收入";
			sourceTree = "<group>";
		};
		24B2EBBC1E0E034F00596882 /* Control */ = {
			isa = PBXGroup;
			children = (
				24B608181E1793F9002282A3 /* TimeIncomeDetailViewController.h */,
				24B608191E1793F9002282A3 /* TimeIncomeDetailViewController.m */,
				24B6081A1E1793F9002282A3 /* TimeViewController.h */,
				24B6081B1E1793F9002282A3 /* TimeViewController.m */,
				247672621E0E3B8C001B0899 /* TimeControll.h */,
				247672631E0E3B8C001B0899 /* TimeControll.m */,
			);
			path = Control;
			sourceTree = "<group>";
		};
		24B2EBBD1E0E034F00596882 /* Model */ = {
			isa = PBXGroup;
			children = (
			);
			path = Model;
			sourceTree = "<group>";
		};
		24B2EBBE1E0E034F00596882 /* View */ = {
			isa = PBXGroup;
			children = (
				24B607A21E10FFAE002282A3 /* ChooseStoreView.h */,
				24B607A31E10FFAE002282A3 /* ChooseStoreView.m */,
				24B607A51E11030C002282A3 /* ChooseTableCell.h */,
				24B607A61E11030C002282A3 /* ChooseTableCell.m */,
				24B607A71E11030C002282A3 /* ChooseTableCell.xib */,
				24B607C61E12884B002282A3 /* PieChartView.h */,
				24B607C71E12884B002282A3 /* PieChartView.m */,
				24B607C91E128B78002282A3 /* ChartTableViewCell.h */,
				24B607CA1E128B78002282A3 /* ChartTableViewCell.m */,
				24B607CB1E128B78002282A3 /* ChartTableViewCell.xib */,
				24B607D11E13A828002282A3 /* MyPieChartView.h */,
				24B607D21E13A828002282A3 /* MyPieChartView.m */,
				24B607D41E13B2EE002282A3 /* ChartTableViewDetailCellTableViewCell.h */,
				24B607D51E13B2EE002282A3 /* ChartTableViewDetailCellTableViewCell.m */,
			);
			path = View;
			sourceTree = "<group>";
		};
		24B607D71E13DD31002282A3 /* Controller */ = {
			isa = PBXGroup;
			children = (
				24B608121E1793B5002282A3 /* DailyDetailViewController.h */,
				24B608131E1793B5002282A3 /* DailyDetailViewController.m */,
				24B608141E1793B5002282A3 /* DailyViewController.h */,
				24B608151E1793B5002282A3 /* DailyViewController.m */,
				24B607DD1E13DDA7002282A3 /* DailyTimeControll.h */,
				24B607DE1E13DDA7002282A3 /* DailyTimeControll.m */,
			);
			path = Controller;
			sourceTree = "<group>";
		};
		24B607D81E13DD31002282A3 /* Model */ = {
			isa = PBXGroup;
			children = (
			);
			path = Model;
			sourceTree = "<group>";
		};
		24B607D91E13DD31002282A3 /* View */ = {
			isa = PBXGroup;
			children = (
				24B607E01E14BDFD002282A3 /* ChooseDateView.h */,
				24B607E11E14BDFD002282A3 /* ChooseDateView.m */,
			);
			path = View;
			sourceTree = "<group>";
		};
		24B6081E1E179A52002282A3 /* Tool */ = {
			isa = PBXGroup;
			children = (
				24447CD21E1C9C8100CDAECD /* CustomView */,
				24B6081F1E179A52002282A3 /* Const */,
				24B608221E179A52002282A3 /* Describle */,
				24B6082C1E179A52002282A3 /* Extension */,
				24B608331E179A52002282A3 /* jison打印出来是中文 */,
				24B608361E179A52002282A3 /* Masonry */,
				24B608511E179A52002282A3 /* MJ */,
				24B608541E179A52002282A3 /* MZPieChartView */,
				0492870F1E1B8A6800DD3270 /* NetTool.h */,
				049287101E1B8A6800DD3270 /* NetTool.m */,
				24B608611E179A52002282A3 /* Other */,
			);
			path = Tool;
			sourceTree = "<group>";
		};
		24B6081F1E179A52002282A3 /* Const */ = {
			isa = PBXGroup;
			children = (
				24B608201E179A52002282A3 /* TQConst.h */,
				24B608211E179A52002282A3 /* TQConst.m */,
			);
			path = Const;
			sourceTree = "<group>";
		};
		24B608221E179A52002282A3 /* Describle */ = {
			isa = PBXGroup;
			children = (
				24B608231E179A52002282A3 /* ColorDefine.h */,
				24B608241E179A52002282A3 /* GrayWhiteView.h */,
				24B608251E179A52002282A3 /* GrayWhiteView.m */,
				24B608261E179A52002282A3 /* MZLineView.h */,
				24B608271E179A52002282A3 /* MZLineView.m */,
				24B608281E179A52002282A3 /* UIView+Addtions.h */,
				24B608291E179A52002282A3 /* UIView+Addtions.m */,
				24B6082A1E179A52002282A3 /* ZFCirque.h */,
				24B6082B1E179A52002282A3 /* ZFCirque.m */,
			);
			path = Describle;
			sourceTree = "<group>";
		};
		24B6082C1E179A52002282A3 /* Extension */ = {
			isa = PBXGroup;
			children = (
				24B6082D1E179A52002282A3 /* NSString+MD5.h */,
				24B6082E1E179A52002282A3 /* NSString+MD5.m */,
				24B6082F1E179A52002282A3 /* NSString+Width.h */,
				24B608301E179A52002282A3 /* NSString+Width.m */,
				24B608311E179A52002282A3 /* UIColor+Hex.h */,
				24B608321E179A52002282A3 /* UIColor+Hex.m */,
			);
			path = Extension;
			sourceTree = "<group>";
		};
		24B608331E179A52002282A3 /* jison打印出来是中文 */ = {
			isa = PBXGroup;
			children = (
				24B608341E179A52002282A3 /* LogCategory.h */,
				24B608351E179A52002282A3 /* LogCategory.m */,
			);
			path = "jison打印出来是中文";
			sourceTree = "<group>";
		};
		24B608361E179A52002282A3 /* Masonry */ = {
			isa = PBXGroup;
			children = (
				24B608371E179A52002282A3 /* Masonry */,
			);
			path = Masonry;
			sourceTree = "<group>";
		};
		24B608371E179A52002282A3 /* Masonry */ = {
			isa = PBXGroup;
			children = (
				24B608381E179A52002282A3 /* MASCompositeConstraint.h */,
				24B608391E179A52002282A3 /* MASCompositeConstraint.m */,
				24B6083A1E179A52002282A3 /* MASConstraint+Private.h */,
				24B6083B1E179A52002282A3 /* MASConstraint.h */,
				24B6083C1E179A52002282A3 /* MASConstraint.m */,
				24B6083D1E179A52002282A3 /* MASConstraintMaker.h */,
				24B6083E1E179A52002282A3 /* MASConstraintMaker.m */,
				24B6083F1E179A52002282A3 /* MASLayoutConstraint.h */,
				24B608401E179A52002282A3 /* MASLayoutConstraint.m */,
				24B608411E179A52002282A3 /* Masonry.h */,
				24B608421E179A52002282A3 /* MASUtilities.h */,
				24B608431E179A52002282A3 /* MASViewAttribute.h */,
				24B608441E179A52002282A3 /* MASViewAttribute.m */,
				24B608451E179A52002282A3 /* MASViewConstraint.h */,
				24B608461E179A52002282A3 /* MASViewConstraint.m */,
				24B608471E179A52002282A3 /* NSArray+MASAdditions.h */,
				24B608481E179A52002282A3 /* NSArray+MASAdditions.m */,
				24B608491E179A52002282A3 /* NSArray+MASShorthandAdditions.h */,
				24B6084A1E179A52002282A3 /* NSLayoutConstraint+MASDebugAdditions.h */,
				24B6084B1E179A52002282A3 /* NSLayoutConstraint+MASDebugAdditions.m */,
				24B6084C1E179A52002282A3 /* View+MASAdditions.h */,
				24B6084D1E179A52002282A3 /* View+MASAdditions.m */,
				24B6084E1E179A52002282A3 /* View+MASShorthandAdditions.h */,
				24B6084F1E179A52002282A3 /* ViewController+MASAdditions.h */,
				24B608501E179A52002282A3 /* ViewController+MASAdditions.m */,
			);
			path = Masonry;
			sourceTree = "<group>";
		};
		24B608511E179A52002282A3 /* MJ */ = {
			isa = PBXGroup;
			children = (
				24B608521E179A52002282A3 /* MBProgressHUD+MJ.h */,
				24B608531E179A52002282A3 /* MBProgressHUD+MJ.m */,
			);
			path = MJ;
			sourceTree = "<group>";
		};
		24B608541E179A52002282A3 /* MZPieChartView */ = {
			isa = PBXGroup;
			children = (
				24B608551E179A52002282A3 /* MZPieChartDataSet.h */,
				24B608561E179A52002282A3 /* MZPieChartDataSet.m */,
				24B608571E179A52002282A3 /* MZPieChartFontColorSet.h */,
				24B608581E179A52002282A3 /* MZPieChartFontColorSet.m */,
				24B608591E179A52002282A3 /* MZPieChartSet.h */,
				24B6085A1E179A52002282A3 /* MZPieChartSet.m */,
				24B6085B1E179A52002282A3 /* MZPieChartView.h */,
				24B6085C1E179A52002282A3 /* MZPieChartView.m */,
				24B6085D1E179A52002282A3 /* UIView+Addtions.h */,
				24B6085E1E179A52002282A3 /* UIView+Addtions.m */,
			);
			path = MZPieChartView;
			sourceTree = "<group>";
		};
		24B608611E179A52002282A3 /* Other */ = {
			isa = PBXGroup;
			children = (
				24B608621E179A52002282A3 /* API.h */,
				24B608631E179A52002282A3 /* AppDelegate.h */,
				24B608641E179A52002282A3 /* AppDelegate.m */,
				24B608651E179A52002282A3 /* Info.plist */,
				24B608661E179A52002282A3 /* main.m */,
				24B608671E179A52002282A3 /* PrefixHeader.pch */,
				24B608681E179A52002282A3 /* ViewController.h */,
				24B608691E179A52002282A3 /* ViewController.m */,
			);
			path = Other;
			sourceTree = "<group>";
		};
/* End PBXGroup section */

/* Begin PBXNativeTarget section */
		1D5B66AB1E0A19D900606F86 /* TinyShop */ = {
			isa = PBXNativeTarget;
			buildConfigurationList = 1D5B66C31E0A19D900606F86 /* Build configuration list for PBXNativeTarget "TinyShop" */;
			buildPhases = (
				753B589ABF153BEFF64385DA /* [CP] Check Pods Manifest.lock */,
				1D5B66A81E0A19D900606F86 /* Sources */,
				1D5B66A91E0A19D900606F86 /* Frameworks */,
				1D5B66AA1E0A19D900606F86 /* Resources */,
				F22905BC6F36D6E5223D39A4 /* [CP] Embed Pods Frameworks */,
				2329724DF43820EEBF8DAEB4 /* [CP] Copy Pods Resources */,
			);
			buildRules = (
			);
			dependencies = (
			);
			name = TinyShop;
			productName = TinyShop;
			productReference = 1D5B66AC1E0A19D900606F86 /* TinyShop.app */;
			productType = "com.apple.product-type.application";
		};
/* End PBXNativeTarget section */

/* Begin PBXProject section */
		1D5B66A41E0A19D900606F86 /* Project object */ = {
			isa = PBXProject;
			attributes = {
				LastUpgradeCheck = 0810;
				ORGANIZATIONNAME = CXD;
				TargetAttributes = {
					1D5B66AB1E0A19D900606F86 = {
						CreatedOnToolsVersion = 8.1;
						ProvisioningStyle = Automatic;
					};
				};
			};
			buildConfigurationList = 1D5B66A71E0A19D900606F86 /* Build configuration list for PBXProject "TinyShop" */;
			compatibilityVersion = "Xcode 3.2";
			developmentRegion = English;
			hasScannedForEncodings = 0;
			knownRegions = (
				en,
				Base,
			);
			mainGroup = 1D5B66A31E0A19D900606F86;
			productRefGroup = 1D5B66AD1E0A19D900606F86 /* Products */;
			projectDirPath = "";
			projectRoot = "";
			targets = (
				1D5B66AB1E0A19D900606F86 /* TinyShop */,
			);
		};
/* End PBXProject section */

/* Begin PBXResourcesBuildPhase section */
		1D5B66AA1E0A19D900606F86 /* Resources */ = {
			isa = PBXResourcesBuildPhase;
			buildActionMask = 2147483647;
			files = (
				245083F21E0B9EA0006DE0D4 /* DrawerCell.xib in Resources */,
				1D5B66BF1E0A19D900606F86 /* LaunchScreen.storyboard in Resources */,
				24B607CD1E128B78002282A3 /* ChartTableViewCell.xib in Resources */,
				1D5B66BC1E0A19D900606F86 /* Assets.xcassets in Resources */,
				1D5B66BA1E0A19D900606F86 /* Main.storyboard in Resources */,
				24B607A91E11030C002282A3 /* ChooseTableCell.xib in Resources */,
				24B608871E179A52002282A3 /* Info.plist in Resources */,
			);
			runOnlyForDeploymentPostprocessing = 0;
		};
/* End PBXResourcesBuildPhase section */

/* Begin PBXShellScriptBuildPhase section */
		2329724DF43820EEBF8DAEB4 /* [CP] Copy Pods Resources */ = {
			isa = PBXShellScriptBuildPhase;
			buildActionMask = 2147483647;
			files = (
			);
			inputPaths = (
			);
			name = "[CP] Copy Pods Resources";
			outputPaths = (
			);
			runOnlyForDeploymentPostprocessing = 0;
			shellPath = /bin/sh;
			shellScript = "\"${SRCROOT}/Pods/Target Support Files/Pods-TinyShop/Pods-TinyShop-resources.sh\"\n";
			showEnvVarsInLog = 0;
		};
		753B589ABF153BEFF64385DA /* [CP] Check Pods Manifest.lock */ = {
			isa = PBXShellScriptBuildPhase;
			buildActionMask = 2147483647;
			files = (
			);
			inputPaths = (
			);
			name = "[CP] Check Pods Manifest.lock";
			outputPaths = (
			);
			runOnlyForDeploymentPostprocessing = 0;
			shellPath = /bin/sh;
			shellScript = "diff \"${PODS_ROOT}/../Podfile.lock\" \"${PODS_ROOT}/Manifest.lock\" > /dev/null\nif [ $? != 0 ] ; then\n    # print error to STDERR\n    echo \"error: The sandbox is not in sync with the Podfile.lock. Run 'pod install' or update your CocoaPods installation.\" >&2\n    exit 1\nfi\n";
			showEnvVarsInLog = 0;
		};
		F22905BC6F36D6E5223D39A4 /* [CP] Embed Pods Frameworks */ = {
			isa = PBXShellScriptBuildPhase;
			buildActionMask = 2147483647;
			files = (
			);
			inputPaths = (
			);
			name = "[CP] Embed Pods Frameworks";
			outputPaths = (
			);
			runOnlyForDeploymentPostprocessing = 0;
			shellPath = /bin/sh;
			shellScript = "\"${SRCROOT}/Pods/Target Support Files/Pods-TinyShop/Pods-TinyShop-frameworks.sh\"\n";
			showEnvVarsInLog = 0;
		};
/* End PBXShellScriptBuildPhase section */

/* Begin PBXSourcesBuildPhase section */
		1D5B66A81E0A19D900606F86 /* Sources */ = {
			isa = PBXSourcesBuildPhase;
			buildActionMask = 2147483647;
			files = (
				247672641E0E3B8C001B0899 /* TimeControll.m in Sources */,
				24B6086D1E179A52002282A3 /* GrayWhiteView.m in Sources */,
				24B6087F1E179A52002282A3 /* MBProgressHUD+MJ.m in Sources */,
				24B608881E179A52002282A3 /* main.m in Sources */,
				24B608771E179A52002282A3 /* MASConstraintMaker.m in Sources */,
				24B6087A1E179A52002282A3 /* MASViewConstraint.m in Sources */,
				24B607D61E13B2EE002282A3 /* ChartTableViewDetailCellTableViewCell.m in Sources */,
				24B608831E179A52002282A3 /* MZPieChartView.m in Sources */,
				24B6087D1E179A52002282A3 /* View+MASAdditions.m in Sources */,
				24B608711E179A52002282A3 /* NSString+MD5.m in Sources */,
				24B607A41E10FFAE002282A3 /* ChooseStoreView.m in Sources */,
				24B608701E179A52002282A3 /* ZFCirque.m in Sources */,
				049286E31E1B87D700DD3270 /* HistoryRecordViewController.m in Sources */,
				049286F91E1B889A00DD3270 /* TypeModel.m in Sources */,
				245084851E0D3F33006DE0D4 /* UserTableViewController.m in Sources */,
				049287161E1B999900DD3270 /* DetailOrderViewController.m in Sources */,
				24B607A81E11030C002282A3 /* ChooseTableCell.m in Sources */,
				24B6087C1E179A52002282A3 /* NSLayoutConstraint+MASDebugAdditions.m in Sources */,
				245083E11E0B9A45006DE0D4 /* LoginControl.m in Sources */,
				24447CE71E1CCBAA00CDAECD /* GoodsViewController.m in Sources */,
				24B608891E179A52002282A3 /* ViewController.m in Sources */,
				24B6087E1E179A52002282A3 /* ViewController+MASAdditions.m in Sources */,
				24447CE51E1CCBAA00CDAECD /* Date.m in Sources */,
				24B608821E179A52002282A3 /* MZPieChartSet.m in Sources */,
				0492870B1E1B895B00DD3270 /* OrderTableViewCell.m in Sources */,
				0492870A1E1B895B00DD3270 /* OrderSectionHeaderView.m in Sources */,
				24B608861E179A52002282A3 /* AppDelegate.m in Sources */,
				049287111E1B8A6800DD3270 /* NetTool.m in Sources */,
				049287201E1B99FF00DD3270 /* MemberTableViewCell.m in Sources */,
				24B607E21E14BDFD002282A3 /* ChooseDateView.m in Sources */,
				049286E41E1B87D700DD3270 /* HistoryViewController.m in Sources */,
				24B6086C1E179A52002282A3 /* TQConst.m in Sources */,
				245083EA1E0B9E53006DE0D4 /* BaseUINavigationController.m in Sources */,
				24B607C81E12884B002282A3 /* PieChartView.m in Sources */,
				24B608741E179A52002282A3 /* LogCategory.m in Sources */,
				245084491E0BC6D6006DE0D4 /* ShopModel.m in Sources */,
				24447CE91E1CCBAA00CDAECD /* MZBarChartView.m in Sources */,
				049287171E1B999900DD3270 /* MemberViewController.m in Sources */,
				24B607D31E13A828002282A3 /* MyPieChartView.m in Sources */,
				24B6086E1E179A52002282A3 /* MZLineView.m in Sources */,
				24447CD51E1C9C8200CDAECD /* PullChooseView.m in Sources */,
				24B608781E179A52002282A3 /* MASLayoutConstraint.m in Sources */,
				049286E21E1B87D700DD3270 /* HistoryDetailViewController.m in Sources */,
				24B608161E1793B5002282A3 /* DailyDetailViewController.m in Sources */,
				24B608751E179A52002282A3 /* MASCompositeConstraint.m in Sources */,
				24B6087B1E179A52002282A3 /* NSArray+MASAdditions.m in Sources */,
				049286F01E1B880100DD3270 /* HistoryTableViewCell.m in Sources */,
				049286E91E1B87F000DD3270 /* HistoryDetailModel.m in Sources */,
				245083F11E0B9EA0006DE0D4 /* DrawerCell.m in Sources */,
				24B608761E179A52002282A3 /* MASConstraint.m in Sources */,
				24B6081D1E1793F9002282A3 /* TimeViewController.m in Sources */,
				24447CE81E1CCBAA00CDAECD /* MoreView.m in Sources */,
				24B607CC1E128B78002282A3 /* ChartTableViewCell.m in Sources */,
				2450844A1E0BC6D6006DE0D4 /* UserInstance.m in Sources */,
				24B608171E1793B5002282A3 /* DailyViewController.m in Sources */,
				24B607DF1E13DDA7002282A3 /* DailyTimeControll.m in Sources */,
				24B608791E179A52002282A3 /* MASViewAttribute.m in Sources */,
				245083EB1E0B9E53006DE0D4 /* DrawerViewController.m in Sources */,
				24447CE61E1CCBAA00CDAECD /* GoodsSubViewController.m in Sources */,
				0439F7DD1E0CC16A009309E3 /* HomeTableViewCell.m in Sources */,
				24447CD81E1C9CB700CDAECD /* OnlyChooseDate.m in Sources */,
				24B6086F1E179A52002282A3 /* UIView+Addtions.m in Sources */,
				24B608841E179A52002282A3 /* UIView+Addtions.m in Sources */,
				049287021E1B890000DD3270 /* TypeTableViewCell.m in Sources */,
				24B608721E179A52002282A3 /* NSString+Width.m in Sources */,
				049287051E1B892F00DD3270 /* GoodsTableViewCell.m in Sources */,
				24B6081C1E1793F9002282A3 /* TimeIncomeDetailViewController.m in Sources */,
				24B608801E179A52002282A3 /* MZPieChartDataSet.m in Sources */,
				049286FE1E1B88BF00DD3270 /* OrderModel.m in Sources */,
				24B608811E179A52002282A3 /* MZPieChartFontColorSet.m in Sources */,
				049286EF1E1B880100DD3270 /* HistoryDetailTableViewCell.m in Sources */,
				0439F7E01E0CC24D009309E3 /* HomeViewController.m in Sources */,
				049286FF1E1B88BF00DD3270 /* VipModel.m in Sources */,
				245083DE1E0B9A1C006DE0D4 /* LoginViewController.m in Sources */,
				24B608731E179A52002282A3 /* UIColor+Hex.m in Sources */,
				245084881E0D3F5D006DE0D4 /* HistoryTableViewController.m in Sources */,
				049286EA1E1B87F000DD3270 /* HistoryOrderModel.m in Sources */,
				049286F81E1B889A00DD3270 /* GoodsModel.m in Sources */,
			);
			runOnlyForDeploymentPostprocessing = 0;
		};
/* End PBXSourcesBuildPhase section */

/* Begin PBXVariantGroup section */
		1D5B66B81E0A19D900606F86 /* Main.storyboard */ = {
			isa = PBXVariantGroup;
			children = (
				1D5B66B91E0A19D900606F86 /* Base */,
			);
			name = Main.storyboard;
			sourceTree = "<group>";
		};
		1D5B66BD1E0A19D900606F86 /* LaunchScreen.storyboard */ = {
			isa = PBXVariantGroup;
			children = (
				1D5B66BE1E0A19D900606F86 /* Base */,
			);
			name = LaunchScreen.storyboard;
			sourceTree = "<group>";
		};
/* End PBXVariantGroup section */

/* Begin XCBuildConfiguration section */
		1D5B66C11E0A19D900606F86 /* Debug */ = {
			isa = XCBuildConfiguration;
			buildSettings = {
				ALWAYS_SEARCH_USER_PATHS = NO;
				CLANG_ANALYZER_NONNULL = YES;
				CLANG_CXX_LANGUAGE_STANDARD = "gnu++0x";
				CLANG_CXX_LIBRARY = "libc++";
				CLANG_ENABLE_MODULES = YES;
				CLANG_ENABLE_OBJC_ARC = YES;
				CLANG_WARN_BOOL_CONVERSION = YES;
				CLANG_WARN_CONSTANT_CONVERSION = YES;
				CLANG_WARN_DIRECT_OBJC_ISA_USAGE = YES_ERROR;
				CLANG_WARN_DOCUMENTATION_COMMENTS = YES;
				CLANG_WARN_EMPTY_BODY = YES;
				CLANG_WARN_ENUM_CONVERSION = YES;
				CLANG_WARN_INFINITE_RECURSION = YES;
				CLANG_WARN_INT_CONVERSION = YES;
				CLANG_WARN_OBJC_ROOT_CLASS = YES_ERROR;
				CLANG_WARN_SUSPICIOUS_MOVES = YES;
				CLANG_WARN_UNREACHABLE_CODE = YES;
				CLANG_WARN__DUPLICATE_METHOD_MATCH = YES;
				"CODE_SIGN_IDENTITY[sdk=iphoneos*]" = "iPhone Developer";
				COPY_PHASE_STRIP = NO;
				DEBUG_INFORMATION_FORMAT = dwarf;
				ENABLE_STRICT_OBJC_MSGSEND = YES;
				ENABLE_TESTABILITY = YES;
				GCC_C_LANGUAGE_STANDARD = gnu99;
				GCC_DYNAMIC_NO_PIC = NO;
				GCC_NO_COMMON_BLOCKS = YES;
				GCC_OPTIMIZATION_LEVEL = 0;
				GCC_PREPROCESSOR_DEFINITIONS = (
					"DEBUG=1",
					"$(inherited)",
				);
				GCC_WARN_64_TO_32_BIT_CONVERSION = YES;
				GCC_WARN_ABOUT_RETURN_TYPE = YES_ERROR;
				GCC_WARN_UNDECLARED_SELECTOR = YES;
				GCC_WARN_UNINITIALIZED_AUTOS = YES_AGGRESSIVE;
				GCC_WARN_UNUSED_FUNCTION = YES;
				GCC_WARN_UNUSED_VARIABLE = YES;
				IPHONEOS_DEPLOYMENT_TARGET = 10.1;
				MTL_ENABLE_DEBUG_INFO = YES;
				ONLY_ACTIVE_ARCH = YES;
				SDKROOT = iphoneos;
			};
			name = Debug;
		};
		1D5B66C21E0A19D900606F86 /* Release */ = {
			isa = XCBuildConfiguration;
			buildSettings = {
				ALWAYS_SEARCH_USER_PATHS = NO;
				CLANG_ANALYZER_NONNULL = YES;
				CLANG_CXX_LANGUAGE_STANDARD = "gnu++0x";
				CLANG_CXX_LIBRARY = "libc++";
				CLANG_ENABLE_MODULES = YES;
				CLANG_ENABLE_OBJC_ARC = YES;
				CLANG_WARN_BOOL_CONVERSION = YES;
				CLANG_WARN_CONSTANT_CONVERSION = YES;
				CLANG_WARN_DIRECT_OBJC_ISA_USAGE = YES_ERROR;
				CLANG_WARN_DOCUMENTATION_COMMENTS = YES;
				CLANG_WARN_EMPTY_BODY = YES;
				CLANG_WARN_ENUM_CONVERSION = YES;
				CLANG_WARN_INFINITE_RECURSION = YES;
				CLANG_WARN_INT_CONVERSION = YES;
				CLANG_WARN_OBJC_ROOT_CLASS = YES_ERROR;
				CLANG_WARN_SUSPICIOUS_MOVES = YES;
				CLANG_WARN_UNREACHABLE_CODE = YES;
				CLANG_WARN__DUPLICATE_METHOD_MATCH = YES;
				"CODE_SIGN_IDENTITY[sdk=iphoneos*]" = "iPhone Developer";
				COPY_PHASE_STRIP = NO;
				DEBUG_INFORMATION_FORMAT = "dwarf-with-dsym";
				ENABLE_NS_ASSERTIONS = NO;
				ENABLE_STRICT_OBJC_MSGSEND = YES;
				GCC_C_LANGUAGE_STANDARD = gnu99;
				GCC_NO_COMMON_BLOCKS = YES;
				GCC_WARN_64_TO_32_BIT_CONVERSION = YES;
				GCC_WARN_ABOUT_RETURN_TYPE = YES_ERROR;
				GCC_WARN_UNDECLARED_SELECTOR = YES;
				GCC_WARN_UNINITIALIZED_AUTOS = YES_AGGRESSIVE;
				GCC_WARN_UNUSED_FUNCTION = YES;
				GCC_WARN_UNUSED_VARIABLE = YES;
				IPHONEOS_DEPLOYMENT_TARGET = 10.1;
				MTL_ENABLE_DEBUG_INFO = NO;
				SDKROOT = iphoneos;
				VALIDATE_PRODUCT = YES;
			};
			name = Release;
		};
		1D5B66C41E0A19D900606F86 /* Debug */ = {
			isa = XCBuildConfiguration;
			baseConfigurationReference = B427A3F2277ECC111D854335 /* Pods-TinyShop.debug.xcconfig */;
			buildSettings = {
				ASSETCATALOG_COMPILER_APPICON_NAME = AppIcon;
				GCC_PRECOMPILE_PREFIX_HEADER = YES;
				GCC_PREFIX_HEADER = "$(SRCROOT)/TinyShop/Tool/Other/PrefixHeader.pch";
				INFOPLIST_FILE = "$(SRCROOT)/TinyShop/Tool/Other/Info.plist";
				LD_RUNPATH_SEARCH_PATHS = "$(inherited) @executable_path/Frameworks";
				PRODUCT_BUNDLE_IDENTIFIER = com.cxd.www.TinyShop;
				PRODUCT_NAME = "$(TARGET_NAME)";
			};
			name = Debug;
		};
		1D5B66C51E0A19D900606F86 /* Release */ = {
			isa = XCBuildConfiguration;
			baseConfigurationReference = A6A505FFF64C656988E6161E /* Pods-TinyShop.release.xcconfig */;
			buildSettings = {
				ASSETCATALOG_COMPILER_APPICON_NAME = AppIcon;
				GCC_PRECOMPILE_PREFIX_HEADER = YES;
				GCC_PREFIX_HEADER = "$(SRCROOT)/TinyShop/Tool/Other/PrefixHeader.pch";
				INFOPLIST_FILE = "$(SRCROOT)/TinyShop/Tool/Other/Info.plist";
				LD_RUNPATH_SEARCH_PATHS = "$(inherited) @executable_path/Frameworks";
				PRODUCT_BUNDLE_IDENTIFIER = com.cxd.www.TinyShop;
				PRODUCT_NAME = "$(TARGET_NAME)";
			};
			name = Release;
		};
/* End XCBuildConfiguration section */

/* Begin XCConfigurationList section */
		1D5B66A71E0A19D900606F86 /* Build configuration list for PBXProject "TinyShop" */ = {
			isa = XCConfigurationList;
			buildConfigurations = (
				1D5B66C11E0A19D900606F86 /* Debug */,
				1D5B66C21E0A19D900606F86 /* Release */,
			);
			defaultConfigurationIsVisible = 0;
			defaultConfigurationName = Release;
		};
		1D5B66C31E0A19D900606F86 /* Build configuration list for PBXNativeTarget "TinyShop" */ = {
			isa = XCConfigurationList;
			buildConfigurations = (
				1D5B66C41E0A19D900606F86 /* Debug */,
				1D5B66C51E0A19D900606F86 /* Release */,
			);
			defaultConfigurationIsVisible = 0;
			defaultConfigurationName = Release;
		};
/* End XCConfigurationList section */
	};
	rootObject = 1D5B66A41E0A19D900606F86 /* Project object */;
}
