// !$*UTF8*$!
{
	archiveVersion = 1;
	classes = {
	};
	objectVersion = 46;
	objects = {

/* Begin PBXBuildFile section */
		0439F7DD1E0CC16A009309E3 /* HomeTableViewCell.m in Sources */ = {isa = PBXBuildFile; fileRef = 0439F7DC1E0CC16A009309E3 /* HomeTableViewCell.m */; };
		0439F7E01E0CC24D009309E3 /* HomeViewController.m in Sources */ = {isa = PBXBuildFile; fileRef = 0439F7DF1E0CC24D009309E3 /* HomeViewController.m */; };
		1D3D0F2B1E14B4C300B7EB24 /* LogCategory.m in Sources */ = {isa = PBXBuildFile; fileRef = 1D3D0F2A1E14B4C300B7EB24 /* LogCategory.m */; };
		1D3D0F311E14EDC900B7EB24 /* ProductAnalysisNetwork.m in Sources */ = {isa = PBXBuildFile; fileRef = 1D3D0F301E14EDC900B7EB24 /* ProductAnalysisNetwork.m */; };
		1D4F30E31E0A2C6F00C029E0 /* ViewController.m in Sources */ = {isa = PBXBuildFile; fileRef = 1D4F30E21E0A2C6F00C029E0 /* ViewController.m */; };
		1D5B66BA1E0A19D900606F86 /* Main.storyboard in Resources */ = {isa = PBXBuildFile; fileRef = 1D5B66B81E0A19D900606F86 /* Main.storyboard */; };
		1D5B66BC1E0A19D900606F86 /* Assets.xcassets in Resources */ = {isa = PBXBuildFile; fileRef = 1D5B66BB1E0A19D900606F86 /* Assets.xcassets */; };
		1D5B66BF1E0A19D900606F86 /* LaunchScreen.storyboard in Resources */ = {isa = PBXBuildFile; fileRef = 1D5B66BD1E0A19D900606F86 /* LaunchScreen.storyboard */; };
		1D5B66CF1E0A1C5500606F86 /* AppDelegate.m in Sources */ = {isa = PBXBuildFile; fileRef = 1D5B66C91E0A1C5500606F86 /* AppDelegate.m */; };
		1D5B66D11E0A1C5500606F86 /* main.m in Sources */ = {isa = PBXBuildFile; fileRef = 1D5B66CB1E0A1C5500606F86 /* main.m */; };
		1DA1AA041E10F9D0008C807B /* MZBarChartView.m in Sources */ = {isa = PBXBuildFile; fileRef = 1DA1AA031E10F9D0008C807B /* MZBarChartView.m */; };
		1DE8131F1E0A544000784636 /* MASCompositeConstraint.m in Sources */ = {isa = PBXBuildFile; fileRef = 1DE813051E0A544000784636 /* MASCompositeConstraint.m */; };
		1DE813201E0A544000784636 /* MASConstraint.m in Sources */ = {isa = PBXBuildFile; fileRef = 1DE813081E0A544000784636 /* MASConstraint.m */; };
		1DE813211E0A544000784636 /* MASConstraintMaker.m in Sources */ = {isa = PBXBuildFile; fileRef = 1DE8130A1E0A544000784636 /* MASConstraintMaker.m */; };
		1DE813221E0A544000784636 /* MASLayoutConstraint.m in Sources */ = {isa = PBXBuildFile; fileRef = 1DE8130C1E0A544000784636 /* MASLayoutConstraint.m */; };
		1DE813231E0A544000784636 /* MASViewAttribute.m in Sources */ = {isa = PBXBuildFile; fileRef = 1DE813101E0A544000784636 /* MASViewAttribute.m */; };
		1DE813241E0A544000784636 /* MASViewConstraint.m in Sources */ = {isa = PBXBuildFile; fileRef = 1DE813121E0A544000784636 /* MASViewConstraint.m */; };
		1DE813251E0A544000784636 /* NSArray+MASAdditions.m in Sources */ = {isa = PBXBuildFile; fileRef = 1DE813141E0A544000784636 /* NSArray+MASAdditions.m */; };
		1DE813261E0A544000784636 /* NSLayoutConstraint+MASDebugAdditions.m in Sources */ = {isa = PBXBuildFile; fileRef = 1DE813171E0A544000784636 /* NSLayoutConstraint+MASDebugAdditions.m */; };
		1DE813271E0A544000784636 /* View+MASAdditions.m in Sources */ = {isa = PBXBuildFile; fileRef = 1DE813191E0A544000784636 /* View+MASAdditions.m */; };
		1DE813281E0A544000784636 /* ViewController+MASAdditions.m in Sources */ = {isa = PBXBuildFile; fileRef = 1DE8131C1E0A544000784636 /* ViewController+MASAdditions.m */; };
		245083D81E0B99AD006DE0D4 /* NSString+MD5.m in Sources */ = {isa = PBXBuildFile; fileRef = 245083D71E0B99AD006DE0D4 /* NSString+MD5.m */; };
		245083DE1E0B9A1C006DE0D4 /* LoginViewController.m in Sources */ = {isa = PBXBuildFile; fileRef = 245083DD1E0B9A1C006DE0D4 /* LoginViewController.m */; };
		245083E11E0B9A45006DE0D4 /* LoginControl.m in Sources */ = {isa = PBXBuildFile; fileRef = 245083E01E0B9A45006DE0D4 /* LoginControl.m */; };
		245083EA1E0B9E53006DE0D4 /* BaseUINavigationController.m in Sources */ = {isa = PBXBuildFile; fileRef = 245083E51E0B9E53006DE0D4 /* BaseUINavigationController.m */; };
		245083EB1E0B9E53006DE0D4 /* DrawerViewController.m in Sources */ = {isa = PBXBuildFile; fileRef = 245083E71E0B9E53006DE0D4 /* DrawerViewController.m */; };
		245083F11E0B9EA0006DE0D4 /* DrawerCell.m in Sources */ = {isa = PBXBuildFile; fileRef = 245083EF1E0B9EA0006DE0D4 /* DrawerCell.m */; };
		245083F21E0B9EA0006DE0D4 /* DrawerCell.xib in Resources */ = {isa = PBXBuildFile; fileRef = 245083F01E0B9EA0006DE0D4 /* DrawerCell.xib */; };
		2450843E1E0BC62A006DE0D4 /* TQConst.m in Sources */ = {isa = PBXBuildFile; fileRef = 245084351E0BC62A006DE0D4 /* TQConst.m */; };
		2450843F1E0BC62A006DE0D4 /* MBProgressHUD+MJ.m in Sources */ = {isa = PBXBuildFile; fileRef = 245084381E0BC62A006DE0D4 /* MBProgressHUD+MJ.m */; };
		245084441E0BC65E006DE0D4 /* NetTool.m in Sources */ = {isa = PBXBuildFile; fileRef = 245084431E0BC65E006DE0D4 /* NetTool.m */; };
		245084491E0BC6D6006DE0D4 /* ShopModel.m in Sources */ = {isa = PBXBuildFile; fileRef = 245084471E0BC6D6006DE0D4 /* ShopModel.m */; };
		2450844A1E0BC6D6006DE0D4 /* UserInstance.m in Sources */ = {isa = PBXBuildFile; fileRef = 245084481E0BC6D6006DE0D4 /* UserInstance.m */; };
		2450844F1E0CD4F7006DE0D4 /* PullChooseView.m in Sources */ = {isa = PBXBuildFile; fileRef = 2450844E1E0CD4F7006DE0D4 /* PullChooseView.m */; };
		245084521E0CD65D006DE0D4 /* NSString+Width.m in Sources */ = {isa = PBXBuildFile; fileRef = 245084511E0CD65D006DE0D4 /* NSString+Width.m */; };
		245084851E0D3F33006DE0D4 /* UserTableViewController.m in Sources */ = {isa = PBXBuildFile; fileRef = 245084841E0D3F33006DE0D4 /* UserTableViewController.m */; };
		245084881E0D3F5D006DE0D4 /* HistoryTableViewController.m in Sources */ = {isa = PBXBuildFile; fileRef = 245084871E0D3F5D006DE0D4 /* HistoryTableViewController.m */; };
		2450848B1E0D3F90006DE0D4 /* GoodsViewController.m in Sources */ = {isa = PBXBuildFile; fileRef = 2450848A1E0D3F90006DE0D4 /* GoodsViewController.m */; };
		2450848E1E0D3FAD006DE0D4 /* DailyViewController.m in Sources */ = {isa = PBXBuildFile; fileRef = 2450848D1E0D3FAD006DE0D4 /* DailyViewController.m */; };
		247672641E0E3B8C001B0899 /* TimeControll.m in Sources */ = {isa = PBXBuildFile; fileRef = 247672631E0E3B8C001B0899 /* TimeControll.m */; };
		24B2EBC11E0E034F00596882 /* TimeViewController.m in Sources */ = {isa = PBXBuildFile; fileRef = 24B2EBC01E0E034F00596882 /* TimeViewController.m */; };
		24B6077B1E10D71A002282A3 /* GrayWhiteView.m in Sources */ = {isa = PBXBuildFile; fileRef = 24B607741E10D71A002282A3 /* GrayWhiteView.m */; };
		24B6077C1E10D71A002282A3 /* MZLineView.m in Sources */ = {isa = PBXBuildFile; fileRef = 24B607761E10D71A002282A3 /* MZLineView.m */; };
		24B6077D1E10D71A002282A3 /* UIView+Addtions.m in Sources */ = {isa = PBXBuildFile; fileRef = 24B607781E10D71A002282A3 /* UIView+Addtions.m */; };
		24B6077E1E10D71A002282A3 /* ZFCirque.m in Sources */ = {isa = PBXBuildFile; fileRef = 24B6077A1E10D71A002282A3 /* ZFCirque.m */; };
		24B607A41E10FFAE002282A3 /* ChooseStoreView.m in Sources */ = {isa = PBXBuildFile; fileRef = 24B607A31E10FFAE002282A3 /* ChooseStoreView.m */; };
		24B607A81E11030C002282A3 /* ChooseTableCell.m in Sources */ = {isa = PBXBuildFile; fileRef = 24B607A61E11030C002282A3 /* ChooseTableCell.m */; };
		24B607A91E11030C002282A3 /* ChooseTableCell.xib in Resources */ = {isa = PBXBuildFile; fileRef = 24B607A71E11030C002282A3 /* ChooseTableCell.xib */; };
		24B607AC1E1105B8002282A3 /* UIColor+Hex.m in Sources */ = {isa = PBXBuildFile; fileRef = 24B607AB1E1105B8002282A3 /* UIColor+Hex.m */; };
		24B607B21E11FFE6002282A3 /* TimeIncomeDetailViewController.m in Sources */ = {isa = PBXBuildFile; fileRef = 24B607B11E11FFE6002282A3 /* TimeIncomeDetailViewController.m */; };
		24B607C11E12855B002282A3 /* MZPieChartDataSet.m in Sources */ = {isa = PBXBuildFile; fileRef = 24B607B81E12855B002282A3 /* MZPieChartDataSet.m */; };
		24B607C21E12855B002282A3 /* MZPieChartFontColorSet.m in Sources */ = {isa = PBXBuildFile; fileRef = 24B607BA1E12855B002282A3 /* MZPieChartFontColorSet.m */; };
		24B607C31E12855B002282A3 /* MZPieChartSet.m in Sources */ = {isa = PBXBuildFile; fileRef = 24B607BC1E12855B002282A3 /* MZPieChartSet.m */; };
		24B607C41E12855B002282A3 /* MZPieChartView.m in Sources */ = {isa = PBXBuildFile; fileRef = 24B607BE1E12855B002282A3 /* MZPieChartView.m */; };
		24B607C51E12855B002282A3 /* UIView+Addtions.m in Sources */ = {isa = PBXBuildFile; fileRef = 24B607C01E12855B002282A3 /* UIView+Addtions.m */; };
		24B607C81E12884B002282A3 /* PieChartView.m in Sources */ = {isa = PBXBuildFile; fileRef = 24B607C71E12884B002282A3 /* PieChartView.m */; };
		24B607CC1E128B78002282A3 /* ChartTableViewCell.m in Sources */ = {isa = PBXBuildFile; fileRef = 24B607CA1E128B78002282A3 /* ChartTableViewCell.m */; };
		24B607CD1E128B78002282A3 /* ChartTableViewCell.xib in Resources */ = {isa = PBXBuildFile; fileRef = 24B607CB1E128B78002282A3 /* ChartTableViewCell.xib */; };
		24B607D31E13A828002282A3 /* MyPieChartView.m in Sources */ = {isa = PBXBuildFile; fileRef = 24B607D21E13A828002282A3 /* MyPieChartView.m */; };
		24B607D61E13B2EE002282A3 /* ChartTableViewDetailCellTableViewCell.m in Sources */ = {isa = PBXBuildFile; fileRef = 24B607D51E13B2EE002282A3 /* ChartTableViewDetailCellTableViewCell.m */; };
		ABE5B94AF12294997B7ECB53 /* libPods-TinyShop.a in Frameworks */ = {isa = PBXBuildFile; fileRef = 58CF7CA41E8CA82B7B15846F /* libPods-TinyShop.a */; };
/* End PBXBuildFile section */

/* Begin PBXFileReference section */
		0439F7DB1E0CC16A009309E3 /* HomeTableViewCell.h */ = {isa = PBXFileReference; fileEncoding = 4; lastKnownFileType = sourcecode.c.h; path = HomeTableViewCell.h; sourceTree = "<group>"; };
		0439F7DC1E0CC16A009309E3 /* HomeTableViewCell.m */ = {isa = PBXFileReference; fileEncoding = 4; lastKnownFileType = sourcecode.c.objc; path = HomeTableViewCell.m; sourceTree = "<group>"; };
		0439F7DE1E0CC24D009309E3 /* HomeViewController.h */ = {isa = PBXFileReference; fileEncoding = 4; lastKnownFileType = sourcecode.c.h; path = HomeViewController.h; sourceTree = "<group>"; };
		0439F7DF1E0CC24D009309E3 /* HomeViewController.m */ = {isa = PBXFileReference; fileEncoding = 4; lastKnownFileType = sourcecode.c.objc; path = HomeViewController.m; sourceTree = "<group>"; };
		1D3D0F291E14B4C300B7EB24 /* LogCategory.h */ = {isa = PBXFileReference; fileEncoding = 4; lastKnownFileType = sourcecode.c.h; path = LogCategory.h; sourceTree = "<group>"; };
		1D3D0F2A1E14B4C300B7EB24 /* LogCategory.m */ = {isa = PBXFileReference; fileEncoding = 4; lastKnownFileType = sourcecode.c.objc; path = LogCategory.m; sourceTree = "<group>"; };
		1D3D0F2F1E14EDC800B7EB24 /* ProductAnalysisNetwork.h */ = {isa = PBXFileReference; fileEncoding = 4; lastKnownFileType = sourcecode.c.h; path = ProductAnalysisNetwork.h; sourceTree = "<group>"; };
		1D3D0F301E14EDC900B7EB24 /* ProductAnalysisNetwork.m */ = {isa = PBXFileReference; fileEncoding = 4; lastKnownFileType = sourcecode.c.objc; path = ProductAnalysisNetwork.m; sourceTree = "<group>"; };
		1D4F30E11E0A2C6F00C029E0 /* ViewController.h */ = {isa = PBXFileReference; fileEncoding = 4; lastKnownFileType = sourcecode.c.h; path = ViewController.h; sourceTree = "<group>"; };
		1D4F30E21E0A2C6F00C029E0 /* ViewController.m */ = {isa = PBXFileReference; fileEncoding = 4; lastKnownFileType = sourcecode.c.objc; path = ViewController.m; sourceTree = "<group>"; };
		1D5B66AC1E0A19D900606F86 /* TinyShop.app */ = {isa = PBXFileReference; explicitFileType = wrapper.application; includeInIndex = 0; path = TinyShop.app; sourceTree = BUILT_PRODUCTS_DIR; };
		1D5B66B91E0A19D900606F86 /* Base */ = {isa = PBXFileReference; lastKnownFileType = file.storyboard; name = Base; path = Base.lproj/Main.storyboard; sourceTree = "<group>"; };
		1D5B66BB1E0A19D900606F86 /* Assets.xcassets */ = {isa = PBXFileReference; lastKnownFileType = folder.assetcatalog; path = Assets.xcassets; sourceTree = "<group>"; };
		1D5B66BE1E0A19D900606F86 /* Base */ = {isa = PBXFileReference; lastKnownFileType = file.storyboard; name = Base; path = Base.lproj/LaunchScreen.storyboard; sourceTree = "<group>"; };
		1D5B66C81E0A1C5500606F86 /* AppDelegate.h */ = {isa = PBXFileReference; fileEncoding = 4; lastKnownFileType = sourcecode.c.h; path = AppDelegate.h; sourceTree = "<group>"; };
		1D5B66C91E0A1C5500606F86 /* AppDelegate.m */ = {isa = PBXFileReference; fileEncoding = 4; lastKnownFileType = sourcecode.c.objc; path = AppDelegate.m; sourceTree = "<group>"; };
		1D5B66CA1E0A1C5500606F86 /* Info.plist */ = {isa = PBXFileReference; fileEncoding = 4; lastKnownFileType = text.plist.xml; path = Info.plist; sourceTree = "<group>"; };
		1D5B66CB1E0A1C5500606F86 /* main.m */ = {isa = PBXFileReference; fileEncoding = 4; lastKnownFileType = sourcecode.c.objc; path = main.m; sourceTree = "<group>"; };
		1DA1AA021E10F9D0008C807B /* MZBarChartView.h */ = {isa = PBXFileReference; fileEncoding = 4; lastKnownFileType = sourcecode.c.h; path = MZBarChartView.h; sourceTree = "<group>"; };
		1DA1AA031E10F9D0008C807B /* MZBarChartView.m */ = {isa = PBXFileReference; fileEncoding = 4; lastKnownFileType = sourcecode.c.objc; path = MZBarChartView.m; sourceTree = "<group>"; };
		1DE813041E0A544000784636 /* MASCompositeConstraint.h */ = {isa = PBXFileReference; fileEncoding = 4; lastKnownFileType = sourcecode.c.h; path = MASCompositeConstraint.h; sourceTree = "<group>"; };
		1DE813051E0A544000784636 /* MASCompositeConstraint.m */ = {isa = PBXFileReference; fileEncoding = 4; lastKnownFileType = sourcecode.c.objc; path = MASCompositeConstraint.m; sourceTree = "<group>"; };
		1DE813061E0A544000784636 /* MASConstraint+Private.h */ = {isa = PBXFileReference; fileEncoding = 4; lastKnownFileType = sourcecode.c.h; path = "MASConstraint+Private.h"; sourceTree = "<group>"; };
		1DE813071E0A544000784636 /* MASConstraint.h */ = {isa = PBXFileReference; fileEncoding = 4; lastKnownFileType = sourcecode.c.h; path = MASConstraint.h; sourceTree = "<group>"; };
		1DE813081E0A544000784636 /* MASConstraint.m */ = {isa = PBXFileReference; fileEncoding = 4; lastKnownFileType = sourcecode.c.objc; path = MASConstraint.m; sourceTree = "<group>"; };
		1DE813091E0A544000784636 /* MASConstraintMaker.h */ = {isa = PBXFileReference; fileEncoding = 4; lastKnownFileType = sourcecode.c.h; path = MASConstraintMaker.h; sourceTree = "<group>"; };
		1DE8130A1E0A544000784636 /* MASConstraintMaker.m */ = {isa = PBXFileReference; fileEncoding = 4; lastKnownFileType = sourcecode.c.objc; path = MASConstraintMaker.m; sourceTree = "<group>"; };
		1DE8130B1E0A544000784636 /* MASLayoutConstraint.h */ = {isa = PBXFileReference; fileEncoding = 4; lastKnownFileType = sourcecode.c.h; path = MASLayoutConstraint.h; sourceTree = "<group>"; };
		1DE8130C1E0A544000784636 /* MASLayoutConstraint.m */ = {isa = PBXFileReference; fileEncoding = 4; lastKnownFileType = sourcecode.c.objc; path = MASLayoutConstraint.m; sourceTree = "<group>"; };
		1DE8130D1E0A544000784636 /* Masonry.h */ = {isa = PBXFileReference; fileEncoding = 4; lastKnownFileType = sourcecode.c.h; path = Masonry.h; sourceTree = "<group>"; };
		1DE8130E1E0A544000784636 /* MASUtilities.h */ = {isa = PBXFileReference; fileEncoding = 4; lastKnownFileType = sourcecode.c.h; path = MASUtilities.h; sourceTree = "<group>"; };
		1DE8130F1E0A544000784636 /* MASViewAttribute.h */ = {isa = PBXFileReference; fileEncoding = 4; lastKnownFileType = sourcecode.c.h; path = MASViewAttribute.h; sourceTree = "<group>"; };
		1DE813101E0A544000784636 /* MASViewAttribute.m */ = {isa = PBXFileReference; fileEncoding = 4; lastKnownFileType = sourcecode.c.objc; path = MASViewAttribute.m; sourceTree = "<group>"; };
		1DE813111E0A544000784636 /* MASViewConstraint.h */ = {isa = PBXFileReference; fileEncoding = 4; lastKnownFileType = sourcecode.c.h; path = MASViewConstraint.h; sourceTree = "<group>"; };
		1DE813121E0A544000784636 /* MASViewConstraint.m */ = {isa = PBXFileReference; fileEncoding = 4; lastKnownFileType = sourcecode.c.objc; path = MASViewConstraint.m; sourceTree = "<group>"; };
		1DE813131E0A544000784636 /* NSArray+MASAdditions.h */ = {isa = PBXFileReference; fileEncoding = 4; lastKnownFileType = sourcecode.c.h; path = "NSArray+MASAdditions.h"; sourceTree = "<group>"; };
		1DE813141E0A544000784636 /* NSArray+MASAdditions.m */ = {isa = PBXFileReference; fileEncoding = 4; lastKnownFileType = sourcecode.c.objc; path = "NSArray+MASAdditions.m"; sourceTree = "<group>"; };
		1DE813151E0A544000784636 /* NSArray+MASShorthandAdditions.h */ = {isa = PBXFileReference; fileEncoding = 4; lastKnownFileType = sourcecode.c.h; path = "NSArray+MASShorthandAdditions.h"; sourceTree = "<group>"; };
		1DE813161E0A544000784636 /* NSLayoutConstraint+MASDebugAdditions.h */ = {isa = PBXFileReference; fileEncoding = 4; lastKnownFileType = sourcecode.c.h; path = "NSLayoutConstraint+MASDebugAdditions.h"; sourceTree = "<group>"; };
		1DE813171E0A544000784636 /* NSLayoutConstraint+MASDebugAdditions.m */ = {isa = PBXFileReference; fileEncoding = 4; lastKnownFileType = sourcecode.c.objc; path = "NSLayoutConstraint+MASDebugAdditions.m"; sourceTree = "<group>"; };
		1DE813181E0A544000784636 /* View+MASAdditions.h */ = {isa = PBXFileReference; fileEncoding = 4; lastKnownFileType = sourcecode.c.h; path = "View+MASAdditions.h"; sourceTree = "<group>"; };
		1DE813191E0A544000784636 /* View+MASAdditions.m */ = {isa = PBXFileReference; fileEncoding = 4; lastKnownFileType = sourcecode.c.objc; path = "View+MASAdditions.m"; sourceTree = "<group>"; };
		1DE8131A1E0A544000784636 /* View+MASShorthandAdditions.h */ = {isa = PBXFileReference; fileEncoding = 4; lastKnownFileType = sourcecode.c.h; path = "View+MASShorthandAdditions.h"; sourceTree = "<group>"; };
		1DE8131B1E0A544000784636 /* ViewController+MASAdditions.h */ = {isa = PBXFileReference; fileEncoding = 4; lastKnownFileType = sourcecode.c.h; path = "ViewController+MASAdditions.h"; sourceTree = "<group>"; };
		1DE8131C1E0A544000784636 /* ViewController+MASAdditions.m */ = {isa = PBXFileReference; fileEncoding = 4; lastKnownFileType = sourcecode.c.objc; path = "ViewController+MASAdditions.m"; sourceTree = "<group>"; };
		1DE8132A1E0A54AF00784636 /* PrefixHeader.pch */ = {isa = PBXFileReference; lastKnownFileType = sourcecode.c.h; path = PrefixHeader.pch; sourceTree = "<group>"; };
		245083D31E0B9440006DE0D4 /* API.h */ = {isa = PBXFileReference; lastKnownFileType = sourcecode.c.h; path = API.h; sourceTree = "<group>"; };
		245083D61E0B99AD006DE0D4 /* NSString+MD5.h */ = {isa = PBXFileReference; fileEncoding = 4; lastKnownFileType = sourcecode.c.h; path = "NSString+MD5.h"; sourceTree = "<group>"; };
		245083D71E0B99AD006DE0D4 /* NSString+MD5.m */ = {isa = PBXFileReference; fileEncoding = 4; lastKnownFileType = sourcecode.c.objc; path = "NSString+MD5.m"; sourceTree = "<group>"; };
		245083DC1E0B9A1C006DE0D4 /* LoginViewController.h */ = {isa = PBXFileReference; fileEncoding = 4; lastKnownFileType = sourcecode.c.h; path = LoginViewController.h; sourceTree = "<group>"; };
		245083DD1E0B9A1C006DE0D4 /* LoginViewController.m */ = {isa = PBXFileReference; fileEncoding = 4; lastKnownFileType = sourcecode.c.objc; path = LoginViewController.m; sourceTree = "<group>"; };
		245083DF1E0B9A45006DE0D4 /* LoginControl.h */ = {isa = PBXFileReference; fileEncoding = 4; lastKnownFileType = sourcecode.c.h; path = LoginControl.h; sourceTree = "<group>"; };
		245083E01E0B9A45006DE0D4 /* LoginControl.m */ = {isa = PBXFileReference; fileEncoding = 4; lastKnownFileType = sourcecode.c.objc; path = LoginControl.m; sourceTree = "<group>"; };
		245083E41E0B9E53006DE0D4 /* BaseUINavigationController.h */ = {isa = PBXFileReference; fileEncoding = 4; lastKnownFileType = sourcecode.c.h; path = BaseUINavigationController.h; sourceTree = "<group>"; };
		245083E51E0B9E53006DE0D4 /* BaseUINavigationController.m */ = {isa = PBXFileReference; fileEncoding = 4; lastKnownFileType = sourcecode.c.objc; path = BaseUINavigationController.m; sourceTree = "<group>"; };
		245083E61E0B9E53006DE0D4 /* DrawerViewController.h */ = {isa = PBXFileReference; fileEncoding = 4; lastKnownFileType = sourcecode.c.h; path = DrawerViewController.h; sourceTree = "<group>"; };
		245083E71E0B9E53006DE0D4 /* DrawerViewController.m */ = {isa = PBXFileReference; fileEncoding = 4; lastKnownFileType = sourcecode.c.objc; path = DrawerViewController.m; sourceTree = "<group>"; };
		245083EE1E0B9EA0006DE0D4 /* DrawerCell.h */ = {isa = PBXFileReference; fileEncoding = 4; lastKnownFileType = sourcecode.c.h; path = DrawerCell.h; sourceTree = "<group>"; };
		245083EF1E0B9EA0006DE0D4 /* DrawerCell.m */ = {isa = PBXFileReference; fileEncoding = 4; lastKnownFileType = sourcecode.c.objc; path = DrawerCell.m; sourceTree = "<group>"; };
		245083F01E0B9EA0006DE0D4 /* DrawerCell.xib */ = {isa = PBXFileReference; fileEncoding = 4; lastKnownFileType = file.xib; path = DrawerCell.xib; sourceTree = "<group>"; };
		245084341E0BC62A006DE0D4 /* TQConst.h */ = {isa = PBXFileReference; fileEncoding = 4; lastKnownFileType = sourcecode.c.h; path = TQConst.h; sourceTree = "<group>"; };
		245084351E0BC62A006DE0D4 /* TQConst.m */ = {isa = PBXFileReference; fileEncoding = 4; lastKnownFileType = sourcecode.c.objc; path = TQConst.m; sourceTree = "<group>"; };
		245084371E0BC62A006DE0D4 /* MBProgressHUD+MJ.h */ = {isa = PBXFileReference; fileEncoding = 4; lastKnownFileType = sourcecode.c.h; path = "MBProgressHUD+MJ.h"; sourceTree = "<group>"; };
		245084381E0BC62A006DE0D4 /* MBProgressHUD+MJ.m */ = {isa = PBXFileReference; fileEncoding = 4; lastKnownFileType = sourcecode.c.objc; path = "MBProgressHUD+MJ.m"; sourceTree = "<group>"; };
		245084421E0BC65E006DE0D4 /* NetTool.h */ = {isa = PBXFileReference; fileEncoding = 4; lastKnownFileType = sourcecode.c.h; path = NetTool.h; sourceTree = "<group>"; };
		245084431E0BC65E006DE0D4 /* NetTool.m */ = {isa = PBXFileReference; fileEncoding = 4; lastKnownFileType = sourcecode.c.objc; path = NetTool.m; sourceTree = "<group>"; };
		245084451E0BC6D6006DE0D4 /* ShopModel.h */ = {isa = PBXFileReference; fileEncoding = 4; lastKnownFileType = sourcecode.c.h; path = ShopModel.h; sourceTree = "<group>"; };
		245084461E0BC6D6006DE0D4 /* UserInstance.h */ = {isa = PBXFileReference; fileEncoding = 4; lastKnownFileType = sourcecode.c.h; path = UserInstance.h; sourceTree = "<group>"; };
		245084471E0BC6D6006DE0D4 /* ShopModel.m */ = {isa = PBXFileReference; fileEncoding = 4; lastKnownFileType = sourcecode.c.objc; path = ShopModel.m; sourceTree = "<group>"; };
		245084481E0BC6D6006DE0D4 /* UserInstance.m */ = {isa = PBXFileReference; fileEncoding = 4; lastKnownFileType = sourcecode.c.objc; path = UserInstance.m; sourceTree = "<group>"; };
		2450844D1E0CD4F7006DE0D4 /* PullChooseView.h */ = {isa = PBXFileReference; fileEncoding = 4; lastKnownFileType = sourcecode.c.h; path = PullChooseView.h; sourceTree = "<group>"; };
		2450844E1E0CD4F7006DE0D4 /* PullChooseView.m */ = {isa = PBXFileReference; fileEncoding = 4; lastKnownFileType = sourcecode.c.objc; path = PullChooseView.m; sourceTree = "<group>"; };
		245084501E0CD65D006DE0D4 /* NSString+Width.h */ = {isa = PBXFileReference; fileEncoding = 4; lastKnownFileType = sourcecode.c.h; path = "NSString+Width.h"; sourceTree = "<group>"; };
		245084511E0CD65D006DE0D4 /* NSString+Width.m */ = {isa = PBXFileReference; fileEncoding = 4; lastKnownFileType = sourcecode.c.objc; path = "NSString+Width.m"; sourceTree = "<group>"; };
		245084831E0D3F33006DE0D4 /* UserTableViewController.h */ = {isa = PBXFileReference; fileEncoding = 4; lastKnownFileType = sourcecode.c.h; path = UserTableViewController.h; sourceTree = "<group>"; };
		245084841E0D3F33006DE0D4 /* UserTableViewController.m */ = {isa = PBXFileReference; fileEncoding = 4; lastKnownFileType = sourcecode.c.objc; path = UserTableViewController.m; sourceTree = "<group>"; };
		245084861E0D3F5D006DE0D4 /* HistoryTableViewController.h */ = {isa = PBXFileReference; fileEncoding = 4; lastKnownFileType = sourcecode.c.h; path = HistoryTableViewController.h; sourceTree = "<group>"; };
		245084871E0D3F5D006DE0D4 /* HistoryTableViewController.m */ = {isa = PBXFileReference; fileEncoding = 4; lastKnownFileType = sourcecode.c.objc; path = HistoryTableViewController.m; sourceTree = "<group>"; };
		245084891E0D3F90006DE0D4 /* GoodsViewController.h */ = {isa = PBXFileReference; fileEncoding = 4; lastKnownFileType = sourcecode.c.h; path = GoodsViewController.h; sourceTree = "<group>"; };
		2450848A1E0D3F90006DE0D4 /* GoodsViewController.m */ = {isa = PBXFileReference; fileEncoding = 4; lastKnownFileType = sourcecode.c.objc; path = GoodsViewController.m; sourceTree = "<group>"; };
		2450848C1E0D3FAD006DE0D4 /* DailyViewController.h */ = {isa = PBXFileReference; fileEncoding = 4; lastKnownFileType = sourcecode.c.h; path = DailyViewController.h; sourceTree = "<group>"; };
		2450848D1E0D3FAD006DE0D4 /* DailyViewController.m */ = {isa = PBXFileReference; fileEncoding = 4; lastKnownFileType = sourcecode.c.objc; path = DailyViewController.m; sourceTree = "<group>"; };
		247672621E0E3B8C001B0899 /* TimeControll.h */ = {isa = PBXFileReference; fileEncoding = 4; lastKnownFileType = sourcecode.c.h; path = TimeControll.h; sourceTree = "<group>"; };
		247672631E0E3B8C001B0899 /* TimeControll.m */ = {isa = PBXFileReference; fileEncoding = 4; lastKnownFileType = sourcecode.c.objc; path = TimeControll.m; sourceTree = "<group>"; };
		24B2EBBF1E0E034F00596882 /* TimeViewController.h */ = {isa = PBXFileReference; fileEncoding = 4; lastKnownFileType = sourcecode.c.h; path = TimeViewController.h; sourceTree = "<group>"; };
		24B2EBC01E0E034F00596882 /* TimeViewController.m */ = {isa = PBXFileReference; fileEncoding = 4; lastKnownFileType = sourcecode.c.objc; path = TimeViewController.m; sourceTree = "<group>"; };
		24B607721E10D71A002282A3 /* ColorDefine.h */ = {isa = PBXFileReference; fileEncoding = 4; lastKnownFileType = sourcecode.c.h; path = ColorDefine.h; sourceTree = "<group>"; };
		24B607731E10D71A002282A3 /* GrayWhiteView.h */ = {isa = PBXFileReference; fileEncoding = 4; lastKnownFileType = sourcecode.c.h; path = GrayWhiteView.h; sourceTree = "<group>"; };
		24B607741E10D71A002282A3 /* GrayWhiteView.m */ = {isa = PBXFileReference; fileEncoding = 4; lastKnownFileType = sourcecode.c.objc; path = GrayWhiteView.m; sourceTree = "<group>"; };
		24B607751E10D71A002282A3 /* MZLineView.h */ = {isa = PBXFileReference; fileEncoding = 4; lastKnownFileType = sourcecode.c.h; path = MZLineView.h; sourceTree = "<group>"; };
		24B607761E10D71A002282A3 /* MZLineView.m */ = {isa = PBXFileReference; fileEncoding = 4; lastKnownFileType = sourcecode.c.objc; path = MZLineView.m; sourceTree = "<group>"; };
		24B607771E10D71A002282A3 /* UIView+Addtions.h */ = {isa = PBXFileReference; fileEncoding = 4; lastKnownFileType = sourcecode.c.h; path = "UIView+Addtions.h"; sourceTree = "<group>"; };
		24B607781E10D71A002282A3 /* UIView+Addtions.m */ = {isa = PBXFileReference; fileEncoding = 4; lastKnownFileType = sourcecode.c.objc; path = "UIView+Addtions.m"; sourceTree = "<group>"; };
		24B607791E10D71A002282A3 /* ZFCirque.h */ = {isa = PBXFileReference; fileEncoding = 4; lastKnownFileType = sourcecode.c.h; path = ZFCirque.h; sourceTree = "<group>"; };
		24B6077A1E10D71A002282A3 /* ZFCirque.m */ = {isa = PBXFileReference; fileEncoding = 4; lastKnownFileType = sourcecode.c.objc; path = ZFCirque.m; sourceTree = "<group>"; };
		24B607A21E10FFAE002282A3 /* ChooseStoreView.h */ = {isa = PBXFileReference; fileEncoding = 4; lastKnownFileType = sourcecode.c.h; path = ChooseStoreView.h; sourceTree = "<group>"; };
		24B607A31E10FFAE002282A3 /* ChooseStoreView.m */ = {isa = PBXFileReference; fileEncoding = 4; lastKnownFileType = sourcecode.c.objc; path = ChooseStoreView.m; sourceTree = "<group>"; };
		24B607A51E11030C002282A3 /* ChooseTableCell.h */ = {isa = PBXFileReference; fileEncoding = 4; lastKnownFileType = sourcecode.c.h; path = ChooseTableCell.h; sourceTree = "<group>"; };
		24B607A61E11030C002282A3 /* ChooseTableCell.m */ = {isa = PBXFileReference; fileEncoding = 4; lastKnownFileType = sourcecode.c.objc; path = ChooseTableCell.m; sourceTree = "<group>"; };
		24B607A71E11030C002282A3 /* ChooseTableCell.xib */ = {isa = PBXFileReference; fileEncoding = 4; lastKnownFileType = file.xib; path = ChooseTableCell.xib; sourceTree = "<group>"; };
		24B607AA1E1105B8002282A3 /* UIColor+Hex.h */ = {isa = PBXFileReference; fileEncoding = 4; lastKnownFileType = sourcecode.c.h; path = "UIColor+Hex.h"; sourceTree = "<group>"; };
		24B607AB1E1105B8002282A3 /* UIColor+Hex.m */ = {isa = PBXFileReference; fileEncoding = 4; lastKnownFileType = sourcecode.c.objc; path = "UIColor+Hex.m"; sourceTree = "<group>"; };
		24B607B01E11FFE6002282A3 /* TimeIncomeDetailViewController.h */ = {isa = PBXFileReference; fileEncoding = 4; lastKnownFileType = sourcecode.c.h; path = TimeIncomeDetailViewController.h; sourceTree = "<group>"; };
		24B607B11E11FFE6002282A3 /* TimeIncomeDetailViewController.m */ = {isa = PBXFileReference; fileEncoding = 4; lastKnownFileType = sourcecode.c.objc; path = TimeIncomeDetailViewController.m; sourceTree = "<group>"; };
		24B607B71E12855B002282A3 /* MZPieChartDataSet.h */ = {isa = PBXFileReference; fileEncoding = 4; lastKnownFileType = sourcecode.c.h; path = MZPieChartDataSet.h; sourceTree = "<group>"; };
		24B607B81E12855B002282A3 /* MZPieChartDataSet.m */ = {isa = PBXFileReference; fileEncoding = 4; lastKnownFileType = sourcecode.c.objc; path = MZPieChartDataSet.m; sourceTree = "<group>"; };
		24B607B91E12855B002282A3 /* MZPieChartFontColorSet.h */ = {isa = PBXFileReference; fileEncoding = 4; lastKnownFileType = sourcecode.c.h; path = MZPieChartFontColorSet.h; sourceTree = "<group>"; };
		24B607BA1E12855B002282A3 /* MZPieChartFontColorSet.m */ = {isa = PBXFileReference; fileEncoding = 4; lastKnownFileType = sourcecode.c.objc; path = MZPieChartFontColorSet.m; sourceTree = "<group>"; };
		24B607BB1E12855B002282A3 /* MZPieChartSet.h */ = {isa = PBXFileReference; fileEncoding = 4; lastKnownFileType = sourcecode.c.h; path = MZPieChartSet.h; sourceTree = "<group>"; };
		24B607BC1E12855B002282A3 /* MZPieChartSet.m */ = {isa = PBXFileReference; fileEncoding = 4; lastKnownFileType = sourcecode.c.objc; path = MZPieChartSet.m; sourceTree = "<group>"; };
		24B607BD1E12855B002282A3 /* MZPieChartView.h */ = {isa = PBXFileReference; fileEncoding = 4; lastKnownFileType = sourcecode.c.h; path = MZPieChartView.h; sourceTree = "<group>"; };
		24B607BE1E12855B002282A3 /* MZPieChartView.m */ = {isa = PBXFileReference; fileEncoding = 4; lastKnownFileType = sourcecode.c.objc; path = MZPieChartView.m; sourceTree = "<group>"; };
		24B607BF1E12855B002282A3 /* UIView+Addtions.h */ = {isa = PBXFileReference; fileEncoding = 4; lastKnownFileType = sourcecode.c.h; path = "UIView+Addtions.h"; sourceTree = "<group>"; };
		24B607C01E12855B002282A3 /* UIView+Addtions.m */ = {isa = PBXFileReference; fileEncoding = 4; lastKnownFileType = sourcecode.c.objc; path = "UIView+Addtions.m"; sourceTree = "<group>"; };
		24B607C61E12884B002282A3 /* PieChartView.h */ = {isa = PBXFileReference; fileEncoding = 4; lastKnownFileType = sourcecode.c.h; path = PieChartView.h; sourceTree = "<group>"; };
		24B607C71E12884B002282A3 /* PieChartView.m */ = {isa = PBXFileReference; fileEncoding = 4; lastKnownFileType = sourcecode.c.objc; path = PieChartView.m; sourceTree = "<group>"; };
		24B607C91E128B78002282A3 /* ChartTableViewCell.h */ = {isa = PBXFileReference; fileEncoding = 4; lastKnownFileType = sourcecode.c.h; path = ChartTableViewCell.h; sourceTree = "<group>"; };
		24B607CA1E128B78002282A3 /* ChartTableViewCell.m */ = {isa = PBXFileReference; fileEncoding = 4; lastKnownFileType = sourcecode.c.objc; path = ChartTableViewCell.m; sourceTree = "<group>"; };
		24B607CB1E128B78002282A3 /* ChartTableViewCell.xib */ = {isa = PBXFileReference; fileEncoding = 4; lastKnownFileType = file.xib; path = ChartTableViewCell.xib; sourceTree = "<group>"; };
		24B607D11E13A828002282A3 /* MyPieChartView.h */ = {isa = PBXFileReference; fileEncoding = 4; lastKnownFileType = sourcecode.c.h; path = MyPieChartView.h; sourceTree = "<group>"; };
		24B607D21E13A828002282A3 /* MyPieChartView.m */ = {isa = PBXFileReference; fileEncoding = 4; lastKnownFileType = sourcecode.c.objc; path = MyPieChartView.m; sourceTree = "<group>"; };
		24B607D41E13B2EE002282A3 /* ChartTableViewDetailCellTableViewCell.h */ = {isa = PBXFileReference; fileEncoding = 4; lastKnownFileType = sourcecode.c.h; path = ChartTableViewDetailCellTableViewCell.h; sourceTree = "<group>"; };
		24B607D51E13B2EE002282A3 /* ChartTableViewDetailCellTableViewCell.m */ = {isa = PBXFileReference; fileEncoding = 4; lastKnownFileType = sourcecode.c.objc; path = ChartTableViewDetailCellTableViewCell.m; sourceTree = "<group>"; };
		58CF7CA41E8CA82B7B15846F /* libPods-TinyShop.a */ = {isa = PBXFileReference; explicitFileType = archive.ar; includeInIndex = 0; path = "libPods-TinyShop.a"; sourceTree = BUILT_PRODUCTS_DIR; };
		A6A505FFF64C656988E6161E /* Pods-TinyShop.release.xcconfig */ = {isa = PBXFileReference; includeInIndex = 1; lastKnownFileType = text.xcconfig; name = "Pods-TinyShop.release.xcconfig"; path = "Pods/Target Support Files/Pods-TinyShop/Pods-TinyShop.release.xcconfig"; sourceTree = "<group>"; };
		B427A3F2277ECC111D854335 /* Pods-TinyShop.debug.xcconfig */ = {isa = PBXFileReference; includeInIndex = 1; lastKnownFileType = text.xcconfig; name = "Pods-TinyShop.debug.xcconfig"; path = "Pods/Target Support Files/Pods-TinyShop/Pods-TinyShop.debug.xcconfig"; sourceTree = "<group>"; };
/* End PBXFileReference section */

/* Begin PBXFrameworksBuildPhase section */
		1D5B66A91E0A19D900606F86 /* Frameworks */ = {
			isa = PBXFrameworksBuildPhase;
			buildActionMask = 2147483647;
			files = (
				ABE5B94AF12294997B7ECB53 /* libPods-TinyShop.a in Frameworks */,
			);
			runOnlyForDeploymentPostprocessing = 0;
		};
/* End PBXFrameworksBuildPhase section */

/* Begin PBXGroup section */
		0439F7DA1E0CC149009309E3 /* Home */ = {
			isa = PBXGroup;
			children = (
				0439F7DE1E0CC24D009309E3 /* HomeViewController.h */,
				0439F7DF1E0CC24D009309E3 /* HomeViewController.m */,
				0439F7DB1E0CC16A009309E3 /* HomeTableViewCell.h */,
				0439F7DC1E0CC16A009309E3 /* HomeTableViewCell.m */,
			);
			path = Home;
			sourceTree = "<group>";
		};
		147DF3733EA4BB795BE430CB /* Frameworks */ = {
			isa = PBXGroup;
			children = (
				58CF7CA41E8CA82B7B15846F /* libPods-TinyShop.a */,
			);
			name = Frameworks;
			sourceTree = "<group>";
		};
		1D3D0F281E14B4C300B7EB24 /* jison打印出来是中文 */ = {
			isa = PBXGroup;
			children = (
				1D3D0F291E14B4C300B7EB24 /* LogCategory.h */,
				1D3D0F2A1E14B4C300B7EB24 /* LogCategory.m */,
			);
			path = "jison打印出来是中文";
			sourceTree = "<group>";
		};
		1D5B66A31E0A19D900606F86 = {
			isa = PBXGroup;
			children = (
				1D5B66AE1E0A19D900606F86 /* TinyShop */,
				1D5B66AD1E0A19D900606F86 /* Products */,
				22208203A7EC6774C8167D07 /* Pods */,
				147DF3733EA4BB795BE430CB /* Frameworks */,
			);
			sourceTree = "<group>";
		};
		1D5B66AD1E0A19D900606F86 /* Products */ = {
			isa = PBXGroup;
			children = (
				1D5B66AC1E0A19D900606F86 /* TinyShop.app */,
			);
			name = Products;
			sourceTree = "<group>";
		};
		1D5B66AE1E0A19D900606F86 /* TinyShop */ = {
			isa = PBXGroup;
			children = (
				24B607B61E12855B002282A3 /* MZPieChartView */,
				24B607711E10D71A002282A3 /* Describle */,
				2450847E1E0D3EF6006DE0D4 /* 会员信息 */,
				2450847F1E0D3EF6006DE0D4 /* 历史记录 */,
				245084801E0D3EF6006DE0D4 /* 商品运营 */,
				245084811E0D3EF6006DE0D4 /* 日常运营 */,
				245084821E0D3EF6006DE0D4 /* 时段收入 */,
				0439F7DA1E0CC149009309E3 /* Home */,
				245083D41E0B9911006DE0D4 /* 登录 */,
				245083BF1E0B660C006DE0D4 /* Main */,
				1D5B66C61E0A1C5500606F86 /* Class */,
				1D5B66B81E0A19D900606F86 /* Main.storyboard */,
				1D5B66BB1E0A19D900606F86 /* Assets.xcassets */,
				1D5B66BD1E0A19D900606F86 /* LaunchScreen.storyboard */,
				1D5B66AF1E0A19D900606F86 /* Supporting Files */,
			);
			path = TinyShop;
			sourceTree = "<group>";
		};
		1D5B66AF1E0A19D900606F86 /* Supporting Files */ = {
			isa = PBXGroup;
			children = (
			);
			name = "Supporting Files";
			sourceTree = "<group>";
		};
		1D5B66C61E0A1C5500606F86 /* Class */ = {
			isa = PBXGroup;
			children = (
				245084331E0BC62A006DE0D4 /* Const */,
				245084361E0BC62A006DE0D4 /* MJ */,
				245083D51E0B99AD006DE0D4 /* Extension */,
				245083CC1E0B7E02006DE0D4 /* Tool */,
				1D5B66D51E0A1D5700606F86 /* General */,
				1D5B66C71E0A1C5500606F86 /* Other */,
				1DE813001E0A540000784636 /* Lib */,
			);
			path = Class;
			sourceTree = "<group>";
		};
		1D5B66C71E0A1C5500606F86 /* Other */ = {
			isa = PBXGroup;
			children = (
				1D5B66C81E0A1C5500606F86 /* AppDelegate.h */,
				1D5B66C91E0A1C5500606F86 /* AppDelegate.m */,
				1D5B66CA1E0A1C5500606F86 /* Info.plist */,
				1D5B66CB1E0A1C5500606F86 /* main.m */,
				1D4F30E11E0A2C6F00C029E0 /* ViewController.h */,
				1D4F30E21E0A2C6F00C029E0 /* ViewController.m */,
				1DE8132A1E0A54AF00784636 /* PrefixHeader.pch */,
				245083D31E0B9440006DE0D4 /* API.h */,
			);
			path = Other;
			sourceTree = "<group>";
		};
		1D5B66D51E0A1D5700606F86 /* General */ = {
			isa = PBXGroup;
			children = (
			);
			path = General;
			sourceTree = "<group>";
		};
		1DA1AA011E10F9D0008C807B /* MZBarChart */ = {
			isa = PBXGroup;
			children = (
				1DA1AA021E10F9D0008C807B /* MZBarChartView.h */,
				1DA1AA031E10F9D0008C807B /* MZBarChartView.m */,
			);
			path = MZBarChart;
			sourceTree = "<group>";
		};
		1DE813001E0A540000784636 /* Lib */ = {
			isa = PBXGroup;
			children = (
				1DE813011E0A544000784636 /* Masonry */,
			);
			path = Lib;
			sourceTree = "<group>";
		};
		1DE813011E0A544000784636 /* Masonry */ = {
			isa = PBXGroup;
			children = (
				1DE813031E0A544000784636 /* Masonry */,
			);
			path = Masonry;
			sourceTree = "<group>";
		};
		1DE813031E0A544000784636 /* Masonry */ = {
			isa = PBXGroup;
			children = (
				1DE813041E0A544000784636 /* MASCompositeConstraint.h */,
				1DE813051E0A544000784636 /* MASCompositeConstraint.m */,
				1DE813061E0A544000784636 /* MASConstraint+Private.h */,
				1DE813071E0A544000784636 /* MASConstraint.h */,
				1DE813081E0A544000784636 /* MASConstraint.m */,
				1DE813091E0A544000784636 /* MASConstraintMaker.h */,
				1DE8130A1E0A544000784636 /* MASConstraintMaker.m */,
				1DE8130B1E0A544000784636 /* MASLayoutConstraint.h */,
				1DE8130C1E0A544000784636 /* MASLayoutConstraint.m */,
				1DE8130D1E0A544000784636 /* Masonry.h */,
				1DE8130E1E0A544000784636 /* MASUtilities.h */,
				1DE8130F1E0A544000784636 /* MASViewAttribute.h */,
				1DE813101E0A544000784636 /* MASViewAttribute.m */,
				1DE813111E0A544000784636 /* MASViewConstraint.h */,
				1DE813121E0A544000784636 /* MASViewConstraint.m */,
				1DE813131E0A544000784636 /* NSArray+MASAdditions.h */,
				1DE813141E0A544000784636 /* NSArray+MASAdditions.m */,
				1DE813151E0A544000784636 /* NSArray+MASShorthandAdditions.h */,
				1DE813161E0A544000784636 /* NSLayoutConstraint+MASDebugAdditions.h */,
				1DE813171E0A544000784636 /* NSLayoutConstraint+MASDebugAdditions.m */,
				1DE813181E0A544000784636 /* View+MASAdditions.h */,
				1DE813191E0A544000784636 /* View+MASAdditions.m */,
				1DE8131A1E0A544000784636 /* View+MASShorthandAdditions.h */,
				1DE8131B1E0A544000784636 /* ViewController+MASAdditions.h */,
				1DE8131C1E0A544000784636 /* ViewController+MASAdditions.m */,
			);
			path = Masonry;
			sourceTree = "<group>";
		};
		22208203A7EC6774C8167D07 /* Pods */ = {
			isa = PBXGroup;
			children = (
				B427A3F2277ECC111D854335 /* Pods-TinyShop.debug.xcconfig */,
				A6A505FFF64C656988E6161E /* Pods-TinyShop.release.xcconfig */,
			);
			name = Pods;
			sourceTree = "<group>";
		};
		245083BF1E0B660C006DE0D4 /* Main */ = {
			isa = PBXGroup;
			children = (
				245083ED1E0B9E78006DE0D4 /* Cells */,
				245083E21E0B9E53006DE0D4 /* Control */,
				245083E31E0B9E53006DE0D4 /* View */,
			);
			path = Main;
			sourceTree = "<group>";
		};
		245083CC1E0B7E02006DE0D4 /* Tool */ = {
			isa = PBXGroup;
			children = (
				1D3D0F281E14B4C300B7EB24 /* jison打印出来是中文 */,
				245084421E0BC65E006DE0D4 /* NetTool.h */,
				245084431E0BC65E006DE0D4 /* NetTool.m */,
				2450844D1E0CD4F7006DE0D4 /* PullChooseView.h */,
				2450844E1E0CD4F7006DE0D4 /* PullChooseView.m */,
			);
			path = Tool;
			sourceTree = "<group>";
		};
		245083D41E0B9911006DE0D4 /* 登录 */ = {
			isa = PBXGroup;
			children = (
				245083D91E0B9A1C006DE0D4 /* Control */,
				245083DA1E0B9A1C006DE0D4 /* Model */,
				245083DB1E0B9A1C006DE0D4 /* View */,
			);
			path = "登录";
			sourceTree = "<group>";
		};
		245083D51E0B99AD006DE0D4 /* Extension */ = {
			isa = PBXGroup;
			children = (
				245083D61E0B99AD006DE0D4 /* NSString+MD5.h */,
				245083D71E0B99AD006DE0D4 /* NSString+MD5.m */,
				245084501E0CD65D006DE0D4 /* NSString+Width.h */,
				245084511E0CD65D006DE0D4 /* NSString+Width.m */,
				24B607AA1E1105B8002282A3 /* UIColor+Hex.h */,
				24B607AB1E1105B8002282A3 /* UIColor+Hex.m */,
			);
			path = Extension;
			sourceTree = "<group>";
		};
		245083D91E0B9A1C006DE0D4 /* Control */ = {
			isa = PBXGroup;
			children = (
				245083DF1E0B9A45006DE0D4 /* LoginControl.h */,
				245083E01E0B9A45006DE0D4 /* LoginControl.m */,
			);
			path = Control;
			sourceTree = "<group>";
		};
		245083DA1E0B9A1C006DE0D4 /* Model */ = {
			isa = PBXGroup;
			children = (
				245084451E0BC6D6006DE0D4 /* ShopModel.h */,
				245084461E0BC6D6006DE0D4 /* UserInstance.h */,
				245084471E0BC6D6006DE0D4 /* ShopModel.m */,
				245084481E0BC6D6006DE0D4 /* UserInstance.m */,
			);
			path = Model;
			sourceTree = "<group>";
		};
		245083DB1E0B9A1C006DE0D4 /* View */ = {
			isa = PBXGroup;
			children = (
				245083DC1E0B9A1C006DE0D4 /* LoginViewController.h */,
				245083DD1E0B9A1C006DE0D4 /* LoginViewController.m */,
			);
			path = View;
			sourceTree = "<group>";
		};
		245083E21E0B9E53006DE0D4 /* Control */ = {
			isa = PBXGroup;
			children = (
			);
			path = Control;
			sourceTree = "<group>";
		};
		245083E31E0B9E53006DE0D4 /* View */ = {
			isa = PBXGroup;
			children = (
				245083E41E0B9E53006DE0D4 /* BaseUINavigationController.h */,
				245083E51E0B9E53006DE0D4 /* BaseUINavigationController.m */,
				245083E61E0B9E53006DE0D4 /* DrawerViewController.h */,
				245083E71E0B9E53006DE0D4 /* DrawerViewController.m */,
			);
			path = View;
			sourceTree = "<group>";
		};
		245083ED1E0B9E78006DE0D4 /* Cells */ = {
			isa = PBXGroup;
			children = (
				245083EE1E0B9EA0006DE0D4 /* DrawerCell.h */,
				245083EF1E0B9EA0006DE0D4 /* DrawerCell.m */,
				245083F01E0B9EA0006DE0D4 /* DrawerCell.xib */,
			);
			path = Cells;
			sourceTree = "<group>";
		};
		245084331E0BC62A006DE0D4 /* Const */ = {
			isa = PBXGroup;
			children = (
				245084341E0BC62A006DE0D4 /* TQConst.h */,
				245084351E0BC62A006DE0D4 /* TQConst.m */,
			);
			path = Const;
			sourceTree = "<group>";
		};
		245084361E0BC62A006DE0D4 /* MJ */ = {
			isa = PBXGroup;
			children = (
				245084371E0BC62A006DE0D4 /* MBProgressHUD+MJ.h */,
				245084381E0BC62A006DE0D4 /* MBProgressHUD+MJ.m */,
			);
			path = MJ;
			sourceTree = "<group>";
		};
		2450847E1E0D3EF6006DE0D4 /* 会员信息 */ = {
			isa = PBXGroup;
			children = (
				245084831E0D3F33006DE0D4 /* UserTableViewController.h */,
				245084841E0D3F33006DE0D4 /* UserTableViewController.m */,
			);
			path = "会员信息";
			sourceTree = "<group>";
		};
		2450847F1E0D3EF6006DE0D4 /* 历史记录 */ = {
			isa = PBXGroup;
			children = (
				245084861E0D3F5D006DE0D4 /* HistoryTableViewController.h */,
				245084871E0D3F5D006DE0D4 /* HistoryTableViewController.m */,
			);
			path = "历史记录";
			sourceTree = "<group>";
		};
		245084801E0D3EF6006DE0D4 /* 商品运营 */ = {
			isa = PBXGroup;
			children = (
				245084891E0D3F90006DE0D4 /* GoodsViewController.h */,
				2450848A1E0D3F90006DE0D4 /* GoodsViewController.m */,
				1D3D0F2F1E14EDC800B7EB24 /* ProductAnalysisNetwork.h */,
				1D3D0F301E14EDC900B7EB24 /* ProductAnalysisNetwork.m */,
				1DA1AA011E10F9D0008C807B /* MZBarChart */,
			);
			path = "商品运营";
			sourceTree = "<group>";
		};
		245084811E0D3EF6006DE0D4 /* 日常运营 */ = {
			isa = PBXGroup;
			children = (
				2450848C1E0D3FAD006DE0D4 /* DailyViewController.h */,
				2450848D1E0D3FAD006DE0D4 /* DailyViewController.m */,
			);
			path = "日常运营";
			sourceTree = "<group>";
		};
		245084821E0D3EF6006DE0D4 /* 时段收入 */ = {
			isa = PBXGroup;
			children = (
				24B2EBBC1E0E034F00596882 /* Control */,
				24B2EBBD1E0E034F00596882 /* Model */,
				24B2EBBE1E0E034F00596882 /* View */,
			);
			path = "时段收入";
			sourceTree = "<group>";
		};
		24B2EBBC1E0E034F00596882 /* Control */ = {
			isa = PBXGroup;
			children = (
				247672621E0E3B8C001B0899 /* TimeControll.h */,
				247672631E0E3B8C001B0899 /* TimeControll.m */,
			);
			path = Control;
			sourceTree = "<group>";
		};
		24B2EBBD1E0E034F00596882 /* Model */ = {
			isa = PBXGroup;
			children = (
			);
			path = Model;
			sourceTree = "<group>";
		};
		24B2EBBE1E0E034F00596882 /* View */ = {
			isa = PBXGroup;
			children = (
				24B2EBBF1E0E034F00596882 /* TimeViewController.h */,
				24B2EBC01E0E034F00596882 /* TimeViewController.m */,
				24B607A21E10FFAE002282A3 /* ChooseStoreView.h */,
				24B607A31E10FFAE002282A3 /* ChooseStoreView.m */,
				24B607A51E11030C002282A3 /* ChooseTableCell.h */,
				24B607A61E11030C002282A3 /* ChooseTableCell.m */,
				24B607A71E11030C002282A3 /* ChooseTableCell.xib */,
				24B607B01E11FFE6002282A3 /* TimeIncomeDetailViewController.h */,
				24B607B11E11FFE6002282A3 /* TimeIncomeDetailViewController.m */,
				24B607C61E12884B002282A3 /* PieChartView.h */,
				24B607C71E12884B002282A3 /* PieChartView.m */,
				24B607C91E128B78002282A3 /* ChartTableViewCell.h */,
				24B607CA1E128B78002282A3 /* ChartTableViewCell.m */,
				24B607CB1E128B78002282A3 /* ChartTableViewCell.xib */,
				24B607D11E13A828002282A3 /* MyPieChartView.h */,
				24B607D21E13A828002282A3 /* MyPieChartView.m */,
				24B607D41E13B2EE002282A3 /* ChartTableViewDetailCellTableViewCell.h */,
				24B607D51E13B2EE002282A3 /* ChartTableViewDetailCellTableViewCell.m */,
			);
			path = View;
			sourceTree = "<group>";
		};
		24B607711E10D71A002282A3 /* Describle */ = {
			isa = PBXGroup;
			children = (
				24B607721E10D71A002282A3 /* ColorDefine.h */,
				24B607731E10D71A002282A3 /* GrayWhiteView.h */,
				24B607741E10D71A002282A3 /* GrayWhiteView.m */,
				24B607751E10D71A002282A3 /* MZLineView.h */,
				24B607761E10D71A002282A3 /* MZLineView.m */,
				24B607771E10D71A002282A3 /* UIView+Addtions.h */,
				24B607781E10D71A002282A3 /* UIView+Addtions.m */,
				24B607791E10D71A002282A3 /* ZFCirque.h */,
				24B6077A1E10D71A002282A3 /* ZFCirque.m */,
			);
			path = Describle;
			sourceTree = "<group>";
		};
		24B607B61E12855B002282A3 /* MZPieChartView */ = {
			isa = PBXGroup;
			children = (
				24B607B71E12855B002282A3 /* MZPieChartDataSet.h */,
				24B607B81E12855B002282A3 /* MZPieChartDataSet.m */,
				24B607B91E12855B002282A3 /* MZPieChartFontColorSet.h */,
				24B607BA1E12855B002282A3 /* MZPieChartFontColorSet.m */,
				24B607BB1E12855B002282A3 /* MZPieChartSet.h */,
				24B607BC1E12855B002282A3 /* MZPieChartSet.m */,
				24B607BD1E12855B002282A3 /* MZPieChartView.h */,
				24B607BE1E12855B002282A3 /* MZPieChartView.m */,
				24B607BF1E12855B002282A3 /* UIView+Addtions.h */,
				24B607C01E12855B002282A3 /* UIView+Addtions.m */,
			);
			path = MZPieChartView;
			sourceTree = "<group>";
		};
/* End PBXGroup section */

/* Begin PBXNativeTarget section */
		1D5B66AB1E0A19D900606F86 /* TinyShop */ = {
			isa = PBXNativeTarget;
			buildConfigurationList = 1D5B66C31E0A19D900606F86 /* Build configuration list for PBXNativeTarget "TinyShop" */;
			buildPhases = (
				753B589ABF153BEFF64385DA /* [CP] Check Pods Manifest.lock */,
				1D5B66A81E0A19D900606F86 /* Sources */,
				1D5B66A91E0A19D900606F86 /* Frameworks */,
				1D5B66AA1E0A19D900606F86 /* Resources */,
				F22905BC6F36D6E5223D39A4 /* [CP] Embed Pods Frameworks */,
				2329724DF43820EEBF8DAEB4 /* [CP] Copy Pods Resources */,
			);
			buildRules = (
			);
			dependencies = (
			);
			name = TinyShop;
			productName = TinyShop;
			productReference = 1D5B66AC1E0A19D900606F86 /* TinyShop.app */;
			productType = "com.apple.product-type.application";
		};
/* End PBXNativeTarget section */

/* Begin PBXProject section */
		1D5B66A41E0A19D900606F86 /* Project object */ = {
			isa = PBXProject;
			attributes = {
				LastUpgradeCheck = 0810;
				ORGANIZATIONNAME = CXD;
				TargetAttributes = {
					1D5B66AB1E0A19D900606F86 = {
						CreatedOnToolsVersion = 8.1;
						ProvisioningStyle = Automatic;
					};
				};
			};
			buildConfigurationList = 1D5B66A71E0A19D900606F86 /* Build configuration list for PBXProject "TinyShop" */;
			compatibilityVersion = "Xcode 3.2";
			developmentRegion = English;
			hasScannedForEncodings = 0;
			knownRegions = (
				en,
				Base,
			);
			mainGroup = 1D5B66A31E0A19D900606F86;
			productRefGroup = 1D5B66AD1E0A19D900606F86 /* Products */;
			projectDirPath = "";
			projectRoot = "";
			targets = (
				1D5B66AB1E0A19D900606F86 /* TinyShop */,
			);
		};
/* End PBXProject section */

/* Begin PBXResourcesBuildPhase section */
		1D5B66AA1E0A19D900606F86 /* Resources */ = {
			isa = PBXResourcesBuildPhase;
			buildActionMask = 2147483647;
			files = (
				245083F21E0B9EA0006DE0D4 /* DrawerCell.xib in Resources */,
				1D5B66BF1E0A19D900606F86 /* LaunchScreen.storyboard in Resources */,
				24B607CD1E128B78002282A3 /* ChartTableViewCell.xib in Resources */,
				1D5B66BC1E0A19D900606F86 /* Assets.xcassets in Resources */,
				1D5B66BA1E0A19D900606F86 /* Main.storyboard in Resources */,
				24B607A91E11030C002282A3 /* ChooseTableCell.xib in Resources */,
			);
			runOnlyForDeploymentPostprocessing = 0;
		};
/* End PBXResourcesBuildPhase section */

/* Begin PBXShellScriptBuildPhase section */
		2329724DF43820EEBF8DAEB4 /* [CP] Copy Pods Resources */ = {
			isa = PBXShellScriptBuildPhase;
			buildActionMask = 2147483647;
			files = (
			);
			inputPaths = (
			);
			name = "[CP] Copy Pods Resources";
			outputPaths = (
			);
			runOnlyForDeploymentPostprocessing = 0;
			shellPath = /bin/sh;
			shellScript = "\"${SRCROOT}/Pods/Target Support Files/Pods-TinyShop/Pods-TinyShop-resources.sh\"\n";
			showEnvVarsInLog = 0;
		};
		753B589ABF153BEFF64385DA /* [CP] Check Pods Manifest.lock */ = {
			isa = PBXShellScriptBuildPhase;
			buildActionMask = 2147483647;
			files = (
			);
			inputPaths = (
			);
			name = "[CP] Check Pods Manifest.lock";
			outputPaths = (
			);
			runOnlyForDeploymentPostprocessing = 0;
			shellPath = /bin/sh;
			shellScript = "diff \"${PODS_ROOT}/../Podfile.lock\" \"${PODS_ROOT}/Manifest.lock\" > /dev/null\nif [ $? != 0 ] ; then\n    # print error to STDERR\n    echo \"error: The sandbox is not in sync with the Podfile.lock. Run 'pod install' or update your CocoaPods installation.\" >&2\n    exit 1\nfi\n";
			showEnvVarsInLog = 0;
		};
		F22905BC6F36D6E5223D39A4 /* [CP] Embed Pods Frameworks */ = {
			isa = PBXShellScriptBuildPhase;
			buildActionMask = 2147483647;
			files = (
			);
			inputPaths = (
			);
			name = "[CP] Embed Pods Frameworks";
			outputPaths = (
			);
			runOnlyForDeploymentPostprocessing = 0;
			shellPath = /bin/sh;
			shellScript = "\"${SRCROOT}/Pods/Target Support Files/Pods-TinyShop/Pods-TinyShop-frameworks.sh\"\n";
			showEnvVarsInLog = 0;
		};
/* End PBXShellScriptBuildPhase section */

/* Begin PBXSourcesBuildPhase section */
		1D5B66A81E0A19D900606F86 /* Sources */ = {
			isa = PBXSourcesBuildPhase;
			buildActionMask = 2147483647;
			files = (
				24B6077C1E10D71A002282A3 /* MZLineView.m in Sources */,
				24B607AC1E1105B8002282A3 /* UIColor+Hex.m in Sources */,
				1DE813211E0A544000784636 /* MASConstraintMaker.m in Sources */,
				24B6077E1E10D71A002282A3 /* ZFCirque.m in Sources */,
				247672641E0E3B8C001B0899 /* TimeControll.m in Sources */,
				2450843E1E0BC62A006DE0D4 /* TQConst.m in Sources */,
				1D5B66D11E0A1C5500606F86 /* main.m in Sources */,
				1DE813201E0A544000784636 /* MASConstraint.m in Sources */,
				245084441E0BC65E006DE0D4 /* NetTool.m in Sources */,
				24B6077D1E10D71A002282A3 /* UIView+Addtions.m in Sources */,
				24B607D61E13B2EE002282A3 /* ChartTableViewDetailCellTableViewCell.m in Sources */,
				24B607A41E10FFAE002282A3 /* ChooseStoreView.m in Sources */,
				1DE813281E0A544000784636 /* ViewController+MASAdditions.m in Sources */,
				2450848E1E0D3FAD006DE0D4 /* DailyViewController.m in Sources */,
				245084851E0D3F33006DE0D4 /* UserTableViewController.m in Sources */,
				24B607A81E11030C002282A3 /* ChooseTableCell.m in Sources */,
				24B2EBC11E0E034F00596882 /* TimeViewController.m in Sources */,
				245083E11E0B9A45006DE0D4 /* LoginControl.m in Sources */,
				245083EA1E0B9E53006DE0D4 /* BaseUINavigationController.m in Sources */,
				24B607B21E11FFE6002282A3 /* TimeIncomeDetailViewController.m in Sources */,
				24B607C11E12855B002282A3 /* MZPieChartDataSet.m in Sources */,
				24B607C81E12884B002282A3 /* PieChartView.m in Sources */,
				245084491E0BC6D6006DE0D4 /* ShopModel.m in Sources */,
				24B607D31E13A828002282A3 /* MyPieChartView.m in Sources */,
				245083D81E0B99AD006DE0D4 /* NSString+MD5.m in Sources */,
				24B607C41E12855B002282A3 /* MZPieChartView.m in Sources */,
				2450848B1E0D3F90006DE0D4 /* GoodsViewController.m in Sources */,
				1DE813221E0A544000784636 /* MASLayoutConstraint.m in Sources */,
				24B6077B1E10D71A002282A3 /* GrayWhiteView.m in Sources */,
				245083F11E0B9EA0006DE0D4 /* DrawerCell.m in Sources */,
				24B607CC1E128B78002282A3 /* ChartTableViewCell.m in Sources */,
				2450843F1E0BC62A006DE0D4 /* MBProgressHUD+MJ.m in Sources */,
				1DE813251E0A544000784636 /* NSArray+MASAdditions.m in Sources */,
				2450844A1E0BC6D6006DE0D4 /* UserInstance.m in Sources */,
				1DE813241E0A544000784636 /* MASViewConstraint.m in Sources */,
				1DE813231E0A544000784636 /* MASViewAttribute.m in Sources */,
				1DE813271E0A544000784636 /* View+MASAdditions.m in Sources */,
				1D4F30E31E0A2C6F00C029E0 /* ViewController.m in Sources */,
				1D5B66CF1E0A1C5500606F86 /* AppDelegate.m in Sources */,
				245083EB1E0B9E53006DE0D4 /* DrawerViewController.m in Sources */,
				0439F7DD1E0CC16A009309E3 /* HomeTableViewCell.m in Sources */,
				24B607C51E12855B002282A3 /* UIView+Addtions.m in Sources */,
				24B607C21E12855B002282A3 /* MZPieChartFontColorSet.m in Sources */,
				1D3D0F2B1E14B4C300B7EB24 /* LogCategory.m in Sources */,
				1D3D0F311E14EDC900B7EB24 /* ProductAnalysisNetwork.m in Sources */,
				245084521E0CD65D006DE0D4 /* NSString+Width.m in Sources */,
				24B607C31E12855B002282A3 /* MZPieChartSet.m in Sources */,
				0439F7E01E0CC24D009309E3 /* HomeViewController.m in Sources */,
				245083DE1E0B9A1C006DE0D4 /* LoginViewController.m in Sources */,
				245084881E0D3F5D006DE0D4 /* HistoryTableViewController.m in Sources */,
				1DE8131F1E0A544000784636 /* MASCompositeConstraint.m in Sources */,
				1DA1AA041E10F9D0008C807B /* MZBarChartView.m in Sources */,
				2450844F1E0CD4F7006DE0D4 /* PullChooseView.m in Sources */,
				1DE813261E0A544000784636 /* NSLayoutConstraint+MASDebugAdditions.m in Sources */,
			);
			runOnlyForDeploymentPostprocessing = 0;
		};
/* End PBXSourcesBuildPhase section */

/* Begin PBXVariantGroup section */
		1D5B66B81E0A19D900606F86 /* Main.storyboard */ = {
			isa = PBXVariantGroup;
			children = (
				1D5B66B91E0A19D900606F86 /* Base */,
			);
			name = Main.storyboard;
			sourceTree = "<group>";
		};
		1D5B66BD1E0A19D900606F86 /* LaunchScreen.storyboard */ = {
			isa = PBXVariantGroup;
			children = (
				1D5B66BE1E0A19D900606F86 /* Base */,
			);
			name = LaunchScreen.storyboard;
			sourceTree = "<group>";
		};
/* End PBXVariantGroup section */

/* Begin XCBuildConfiguration section */
		1D5B66C11E0A19D900606F86 /* Debug */ = {
			isa = XCBuildConfiguration;
			buildSettings = {
				ALWAYS_SEARCH_USER_PATHS = NO;
				CLANG_ANALYZER_NONNULL = YES;
				CLANG_CXX_LANGUAGE_STANDARD = "gnu++0x";
				CLANG_CXX_LIBRARY = "libc++";
				CLANG_ENABLE_MODULES = YES;
				CLANG_ENABLE_OBJC_ARC = YES;
				CLANG_WARN_BOOL_CONVERSION = YES;
				CLANG_WARN_CONSTANT_CONVERSION = YES;
				CLANG_WARN_DIRECT_OBJC_ISA_USAGE = YES_ERROR;
				CLANG_WARN_DOCUMENTATION_COMMENTS = YES;
				CLANG_WARN_EMPTY_BODY = YES;
				CLANG_WARN_ENUM_CONVERSION = YES;
				CLANG_WARN_INFINITE_RECURSION = YES;
				CLANG_WARN_INT_CONVERSION = YES;
				CLANG_WARN_OBJC_ROOT_CLASS = YES_ERROR;
				CLANG_WARN_SUSPICIOUS_MOVES = YES;
				CLANG_WARN_UNREACHABLE_CODE = YES;
				CLANG_WARN__DUPLICATE_METHOD_MATCH = YES;
				"CODE_SIGN_IDENTITY[sdk=iphoneos*]" = "iPhone Developer";
				COPY_PHASE_STRIP = NO;
				DEBUG_INFORMATION_FORMAT = dwarf;
				ENABLE_STRICT_OBJC_MSGSEND = YES;
				ENABLE_TESTABILITY = YES;
				GCC_C_LANGUAGE_STANDARD = gnu99;
				GCC_DYNAMIC_NO_PIC = NO;
				GCC_NO_COMMON_BLOCKS = YES;
				GCC_OPTIMIZATION_LEVEL = 0;
				GCC_PREPROCESSOR_DEFINITIONS = (
					"DEBUG=1",
					"$(inherited)",
				);
				GCC_WARN_64_TO_32_BIT_CONVERSION = YES;
				GCC_WARN_ABOUT_RETURN_TYPE = YES_ERROR;
				GCC_WARN_UNDECLARED_SELECTOR = YES;
				GCC_WARN_UNINITIALIZED_AUTOS = YES_AGGRESSIVE;
				GCC_WARN_UNUSED_FUNCTION = YES;
				GCC_WARN_UNUSED_VARIABLE = YES;
				IPHONEOS_DEPLOYMENT_TARGET = 10.1;
				MTL_ENABLE_DEBUG_INFO = YES;
				ONLY_ACTIVE_ARCH = YES;
				SDKROOT = iphoneos;
			};
			name = Debug;
		};
		1D5B66C21E0A19D900606F86 /* Release */ = {
			isa = XCBuildConfiguration;
			buildSettings = {
				ALWAYS_SEARCH_USER_PATHS = NO;
				CLANG_ANALYZER_NONNULL = YES;
				CLANG_CXX_LANGUAGE_STANDARD = "gnu++0x";
				CLANG_CXX_LIBRARY = "libc++";
				CLANG_ENABLE_MODULES = YES;
				CLANG_ENABLE_OBJC_ARC = YES;
				CLANG_WARN_BOOL_CONVERSION = YES;
				CLANG_WARN_CONSTANT_CONVERSION = YES;
				CLANG_WARN_DIRECT_OBJC_ISA_USAGE = YES_ERROR;
				CLANG_WARN_DOCUMENTATION_COMMENTS = YES;
				CLANG_WARN_EMPTY_BODY = YES;
				CLANG_WARN_ENUM_CONVERSION = YES;
				CLANG_WARN_INFINITE_RECURSION = YES;
				CLANG_WARN_INT_CONVERSION = YES;
				CLANG_WARN_OBJC_ROOT_CLASS = YES_ERROR;
				CLANG_WARN_SUSPICIOUS_MOVES = YES;
				CLANG_WARN_UNREACHABLE_CODE = YES;
				CLANG_WARN__DUPLICATE_METHOD_MATCH = YES;
				"CODE_SIGN_IDENTITY[sdk=iphoneos*]" = "iPhone Developer";
				COPY_PHASE_STRIP = NO;
				DEBUG_INFORMATION_FORMAT = "dwarf-with-dsym";
				ENABLE_NS_ASSERTIONS = NO;
				ENABLE_STRICT_OBJC_MSGSEND = YES;
				GCC_C_LANGUAGE_STANDARD = gnu99;
				GCC_NO_COMMON_BLOCKS = YES;
				GCC_WARN_64_TO_32_BIT_CONVERSION = YES;
				GCC_WARN_ABOUT_RETURN_TYPE = YES_ERROR;
				GCC_WARN_UNDECLARED_SELECTOR = YES;
				GCC_WARN_UNINITIALIZED_AUTOS = YES_AGGRESSIVE;
				GCC_WARN_UNUSED_FUNCTION = YES;
				GCC_WARN_UNUSED_VARIABLE = YES;
				IPHONEOS_DEPLOYMENT_TARGET = 10.1;
				MTL_ENABLE_DEBUG_INFO = NO;
				SDKROOT = iphoneos;
				VALIDATE_PRODUCT = YES;
			};
			name = Release;
		};
		1D5B66C41E0A19D900606F86 /* Debug */ = {
			isa = XCBuildConfiguration;
			baseConfigurationReference = B427A3F2277ECC111D854335 /* Pods-TinyShop.debug.xcconfig */;
			buildSettings = {
				ASSETCATALOG_COMPILER_APPICON_NAME = AppIcon;
				GCC_PRECOMPILE_PREFIX_HEADER = YES;
				GCC_PREFIX_HEADER = "$(SRCROOT)/TinyShop/Class/Other/PrefixHeader.pch";
				INFOPLIST_FILE = "$(SRCROOT)/TinyShop/Class/Other/Info.plist";
				LD_RUNPATH_SEARCH_PATHS = "$(inherited) @executable_path/Frameworks";
				PRODUCT_BUNDLE_IDENTIFIER = com.cxd.www.TinyShop;
				PRODUCT_NAME = "$(TARGET_NAME)";
			};
			name = Debug;
		};
		1D5B66C51E0A19D900606F86 /* Release */ = {
			isa = XCBuildConfiguration;
			baseConfigurationReference = A6A505FFF64C656988E6161E /* Pods-TinyShop.release.xcconfig */;
			buildSettings = {
				ASSETCATALOG_COMPILER_APPICON_NAME = AppIcon;
				GCC_PRECOMPILE_PREFIX_HEADER = YES;
				GCC_PREFIX_HEADER = "$(SRCROOT)/TinyShop/Class/Other/PrefixHeader.pch";
				INFOPLIST_FILE = "$(SRCROOT)/TinyShop/Class/Other/Info.plist";
				LD_RUNPATH_SEARCH_PATHS = "$(inherited) @executable_path/Frameworks";
				PRODUCT_BUNDLE_IDENTIFIER = com.cxd.www.TinyShop;
				PRODUCT_NAME = "$(TARGET_NAME)";
			};
			name = Release;
		};
/* End XCBuildConfiguration section */

/* Begin XCConfigurationList section */
		1D5B66A71E0A19D900606F86 /* Build configuration list for PBXProject "TinyShop" */ = {
			isa = XCConfigurationList;
			buildConfigurations = (
				1D5B66C11E0A19D900606F86 /* Debug */,
				1D5B66C21E0A19D900606F86 /* Release */,
			);
			defaultConfigurationIsVisible = 0;
			defaultConfigurationName = Release;
		};
		1D5B66C31E0A19D900606F86 /* Build configuration list for PBXNativeTarget "TinyShop" */ = {
			isa = XCConfigurationList;
			buildConfigurations = (
				1D5B66C41E0A19D900606F86 /* Debug */,
				1D5B66C51E0A19D900606F86 /* Release */,
			);
			defaultConfigurationIsVisible = 0;
			defaultConfigurationName = Release;
		};
/* End XCConfigurationList section */
	};
	rootObject = 1D5B66A41E0A19D900606F86 /* Project object */;
}
